// !$*UTF8*$!
{
	archiveVersion = 1;
	classes = {
	};
	objectVersion = 50;
	objects = {

/* Begin PBXBuildFile section */
		A2043987227005D8007130AC /* RealmRedditModel.swift in Sources */ = {isa = PBXBuildFile; fileRef = A2043986227005D8007130AC /* RealmRedditModel.swift */; };
		A21D3C08228524A300E5471E /* MyIconLabel.swift in Sources */ = {isa = PBXBuildFile; fileRef = A21D3C07228524A300E5471E /* MyIconLabel.swift */; };
		A21E2E22225A482B00B212F3 /* icomoon.ttf in Resources */ = {isa = PBXBuildFile; fileRef = A21E2E21225A482600B212F3 /* icomoon.ttf */; };
		A23286FE229F808F007CBF28 /* RedditInterceptorService.swift in Sources */ = {isa = PBXBuildFile; fileRef = A23286FD229F808F007CBF28 /* RedditInterceptorService.swift */; };
		A2328700229F89BB007CBF28 /* RedditAuthService.swift in Sources */ = {isa = PBXBuildFile; fileRef = A23286FF229F89BB007CBF28 /* RedditAuthService.swift */; };
		A2397906224B0A7E00844E83 /* Labels.swift in Sources */ = {isa = PBXBuildFile; fileRef = A2397905224B0A7E00844E83 /* Labels.swift */; };
		A23EE92B228133FD00F35F4B /* FavoriteTableViewController.swift in Sources */ = {isa = PBXBuildFile; fileRef = A23EE92A228133FD00F35F4B /* FavoriteTableViewController.swift */; };
		A23EE92D2281342A00F35F4B /* BaseVideoTableViewController.swift in Sources */ = {isa = PBXBuildFile; fileRef = A23EE92C2281342A00F35F4B /* BaseVideoTableViewController.swift */; };
		A242E87C21E2867D004A8026 /* CommentsViewCell.swift in Sources */ = {isa = PBXBuildFile; fileRef = A242E87B21E2867D004A8026 /* CommentsViewCell.swift */; };
		A242E87E21E294CB004A8026 /* TapThroughCollectionView.swift in Sources */ = {isa = PBXBuildFile; fileRef = A242E87D21E294CB004A8026 /* TapThroughCollectionView.swift */; };
		A247504221EA6F1A00C0F712 /* CommentsTableView.swift in Sources */ = {isa = PBXBuildFile; fileRef = A247504121EA6F1A00C0F712 /* CommentsTableView.swift */; };
		A247504421EA726D00C0F712 /* TapThroughTableView.swift in Sources */ = {isa = PBXBuildFile; fileRef = A247504321EA726D00C0F712 /* TapThroughTableView.swift */; };
		A247504621EACBE600C0F712 /* CommentsHeaderCell.swift in Sources */ = {isa = PBXBuildFile; fileRef = A247504521EACBE600C0F712 /* CommentsHeaderCell.swift */; };
		A247504821EAF0EE00C0F712 /* UIColor.swift in Sources */ = {isa = PBXBuildFile; fileRef = A247504721EAF0EE00C0F712 /* UIColor.swift */; };
		A24818C0217815C8005B8819 /* Util.swift in Sources */ = {isa = PBXBuildFile; fileRef = A24818BF217815C8005B8819 /* Util.swift */; };
		A24818C221781807005B8819 /* Subjects.swift in Sources */ = {isa = PBXBuildFile; fileRef = A24818C121781807005B8819 /* Subjects.swift */; };
		A249FC862275F6DB00666498 /* SortBarTableViewHeaderCell.swift in Sources */ = {isa = PBXBuildFile; fileRef = A249FC852275F6DB00666498 /* SortBarTableViewHeaderCell.swift */; };
		A249FC892275F99A00666498 /* PlayerView.swift in Sources */ = {isa = PBXBuildFile; fileRef = A249FC882275F99A00666498 /* PlayerView.swift */; };
		A249FC8B2275F9D600666498 /* TitleView.swift in Sources */ = {isa = PBXBuildFile; fileRef = A249FC8A2275F9D600666498 /* TitleView.swift */; };
		A249FC8D2275F9EC00666498 /* InfoView.swift in Sources */ = {isa = PBXBuildFile; fileRef = A249FC8C2275F9EC00666498 /* InfoView.swift */; };
		A249FC912275FA6D00666498 /* VideoTableViewCell.swift in Sources */ = {isa = PBXBuildFile; fileRef = A249FC902275FA6D00666498 /* VideoTableViewCell.swift */; };
		A25285772159E5BE00DCA537 /* GlobalPlayer.swift in Sources */ = {isa = PBXBuildFile; fileRef = A25285762159E5BE00DCA537 /* GlobalPlayer.swift */; };
		A2528584215C6F6B00DCA537 /* String.swift in Sources */ = {isa = PBXBuildFile; fileRef = A2528583215C6F6B00DCA537 /* String.swift */; };
		A25285AA21615AC800DCA537 /* CachingPlayerItem.swift in Sources */ = {isa = PBXBuildFile; fileRef = A25285A921615AC700DCA537 /* CachingPlayerItem.swift */; };
		A25285B02165955800DCA537 /* UIScrollView.swift in Sources */ = {isa = PBXBuildFile; fileRef = A25285AF2165955700DCA537 /* UIScrollView.swift */; };
		A25285B62165B7DB00DCA537 /* StorageService.swift in Sources */ = {isa = PBXBuildFile; fileRef = A25285B52165B7DB00DCA537 /* StorageService.swift */; };
		A25285B8216ACADD00DCA537 /* Config.swift in Sources */ = {isa = PBXBuildFile; fileRef = A25285B7216ACADD00DCA537 /* Config.swift */; };
		A2591251211BD28200B09D73 /* RedditService.swift in Sources */ = {isa = PBXBuildFile; fileRef = A2591250211BD28200B09D73 /* RedditService.swift */; };
		A269478421CEF93000A07F69 /* RedditAlertController.swift in Sources */ = {isa = PBXBuildFile; fileRef = A269478321CEF93000A07F69 /* RedditAlertController.swift */; };
		A26BD837218FE09100E948A4 /* Int.swift in Sources */ = {isa = PBXBuildFile; fileRef = A26BD836218FE09100E948A4 /* Int.swift */; };
		A26F393E22A8A8C300A48A9B /* RedditAuthWebViewController.swift in Sources */ = {isa = PBXBuildFile; fileRef = A26F393D22A8A8C300A48A9B /* RedditAuthWebViewController.swift */; };
		A26F394022A8B5D500A48A9B /* RedditUserModel.swift in Sources */ = {isa = PBXBuildFile; fileRef = A26F393F22A8B5D500A48A9B /* RedditUserModel.swift */; };
		A288A12C215344D000000733 /* MyPlayerView.swift in Sources */ = {isa = PBXBuildFile; fileRef = A288A12B215344D000000733 /* MyPlayerView.swift */; };
		A28E619821F56368004B53A7 /* CommentsLoadingCell.swift in Sources */ = {isa = PBXBuildFile; fileRef = A28E619721F56368004B53A7 /* CommentsLoadingCell.swift */; };
		A29CD0062119363900A5A6EC /* AppDelegate.swift in Sources */ = {isa = PBXBuildFile; fileRef = A29CD0052119363900A5A6EC /* AppDelegate.swift */; };
		A29CD00D2119363C00A5A6EC /* Assets.xcassets in Resources */ = {isa = PBXBuildFile; fileRef = A29CD00C2119363C00A5A6EC /* Assets.xcassets */; };
		A29CD0102119363C00A5A6EC /* LaunchScreen.storyboard in Resources */ = {isa = PBXBuildFile; fileRef = A29CD00E2119363C00A5A6EC /* LaunchScreen.storyboard */; };
		A2A8143F2248720300A4E974 /* UserSettingsModel.swift in Sources */ = {isa = PBXBuildFile; fileRef = A2A8143E2248720300A4E974 /* UserSettingsModel.swift */; };
		A2AD9CE6226ECDEA00A19C57 /* RedditModel.swift in Sources */ = {isa = PBXBuildFile; fileRef = A2AD9CE5226ECDEA00A19C57 /* RedditModel.swift */; };
		A2B0098221F01E9200888476 /* NSMutableAttributedString.swift in Sources */ = {isa = PBXBuildFile; fileRef = A2B0098121F01E9200888476 /* NSMutableAttributedString.swift */; };
		A2B63F41227171EC00296DC8 /* MulticastDelegate.swift in Sources */ = {isa = PBXBuildFile; fileRef = A2B63F40227171EC00296DC8 /* MulticastDelegate.swift */; };
		A2B7C2422198A616008DB7E6 /* MyTabBarController.swift in Sources */ = {isa = PBXBuildFile; fileRef = A2B7C2412198A616008DB7E6 /* MyTabBarController.swift */; };
		A2B7C2442198C211008DB7E6 /* RedditViewItemModel.swift in Sources */ = {isa = PBXBuildFile; fileRef = A2B7C2432198C211008DB7E6 /* RedditViewItemModel.swift */; };
		A2D38BD522597F7300D53289 /* Icons.swift in Sources */ = {isa = PBXBuildFile; fileRef = A2D38BD422597F7300D53289 /* Icons.swift */; };
		A2D5FC6F21F6CA220098A884 /* Date.swift in Sources */ = {isa = PBXBuildFile; fileRef = A2D5FC6E21F6CA220098A884 /* Date.swift */; };
		A2D70E8C21EED67C00F69F0C /* CommentsTextView.swift in Sources */ = {isa = PBXBuildFile; fileRef = A2D70E8B21EED67C00F69F0C /* CommentsTextView.swift */; };
		A2DCC61321EBB20500E08453 /* CommentsViewCellMore.swift in Sources */ = {isa = PBXBuildFile; fileRef = A2DCC61221EBB20500E08453 /* CommentsViewCellMore.swift */; };
		A2DCC61521EC175700E08453 /* CommentsViewCellContent.swift in Sources */ = {isa = PBXBuildFile; fileRef = A2DCC61421EC175700E08453 /* CommentsViewCellContent.swift */; };
		A2DCC61F21EC2AE300E08453 /* MyNavigation.swift in Sources */ = {isa = PBXBuildFile; fileRef = A2DCC61E21EC2AE300E08453 /* MyNavigation.swift */; };
		A2DCC62121EC2CAA00E08453 /* NSAttributedString.swift in Sources */ = {isa = PBXBuildFile; fileRef = A2DCC62021EC2CAA00E08453 /* NSAttributedString.swift */; };
		A2DE2DB621FAA578003F66D1 /* ClipUrlService.swift in Sources */ = {isa = PBXBuildFile; fileRef = A2DE2DB521FAA578003F66D1 /* ClipUrlService.swift */; };
		A2E2A124226806A500E5FA92 /* SettingsFormViewController.swift in Sources */ = {isa = PBXBuildFile; fileRef = A2E2A123226806A500E5FA92 /* SettingsFormViewController.swift */; };
		A2E7018221F823BD00029C75 /* TwitchService.swift in Sources */ = {isa = PBXBuildFile; fileRef = A2E7018121F823BD00029C75 /* TwitchService.swift */; };
		A2EB008F22936CBE00AD78C2 /* Reachability.swift in Sources */ = {isa = PBXBuildFile; fileRef = A2EB008E22936CBE00AD78C2 /* Reachability.swift */; };
		A2ED75BE227539CF00AE9C26 /* VideoTableViewController.swift in Sources */ = {isa = PBXBuildFile; fileRef = A2ED75BD227539CF00AE9C26 /* VideoTableViewController.swift */; };
		A2F893B222C9947F00437944 /* CommentsAlertController.swift in Sources */ = {isa = PBXBuildFile; fileRef = A2F893B122C9947F00437944 /* CommentsAlertController.swift */; };
/* End PBXBuildFile section */

/* Begin PBXFileReference section */
		A2043986227005D8007130AC /* RealmRedditModel.swift */ = {isa = PBXFileReference; lastKnownFileType = sourcecode.swift; path = RealmRedditModel.swift; sourceTree = "<group>"; };
		A21D3C07228524A300E5471E /* MyIconLabel.swift */ = {isa = PBXFileReference; lastKnownFileType = sourcecode.swift; path = MyIconLabel.swift; sourceTree = "<group>"; };
		A21E2E21225A482600B212F3 /* icomoon.ttf */ = {isa = PBXFileReference; lastKnownFileType = file; path = icomoon.ttf; sourceTree = "<group>"; };
		A23286FD229F808F007CBF28 /* RedditInterceptorService.swift */ = {isa = PBXFileReference; lastKnownFileType = sourcecode.swift; path = RedditInterceptorService.swift; sourceTree = "<group>"; };
		A23286FF229F89BB007CBF28 /* RedditAuthService.swift */ = {isa = PBXFileReference; lastKnownFileType = sourcecode.swift; path = RedditAuthService.swift; sourceTree = "<group>"; };
		A2397905224B0A7E00844E83 /* Labels.swift */ = {isa = PBXFileReference; lastKnownFileType = sourcecode.swift; path = Labels.swift; sourceTree = "<group>"; };
		A23EE92A228133FD00F35F4B /* FavoriteTableViewController.swift */ = {isa = PBXFileReference; lastKnownFileType = sourcecode.swift; path = FavoriteTableViewController.swift; sourceTree = "<group>"; };
		A23EE92C2281342A00F35F4B /* BaseVideoTableViewController.swift */ = {isa = PBXFileReference; lastKnownFileType = sourcecode.swift; path = BaseVideoTableViewController.swift; sourceTree = "<group>"; };
		A242E87B21E2867D004A8026 /* CommentsViewCell.swift */ = {isa = PBXFileReference; lastKnownFileType = sourcecode.swift; path = CommentsViewCell.swift; sourceTree = "<group>"; };
		A242E87D21E294CB004A8026 /* TapThroughCollectionView.swift */ = {isa = PBXFileReference; lastKnownFileType = sourcecode.swift; path = TapThroughCollectionView.swift; sourceTree = "<group>"; };
		A247504121EA6F1A00C0F712 /* CommentsTableView.swift */ = {isa = PBXFileReference; lastKnownFileType = sourcecode.swift; path = CommentsTableView.swift; sourceTree = "<group>"; };
		A247504321EA726D00C0F712 /* TapThroughTableView.swift */ = {isa = PBXFileReference; lastKnownFileType = sourcecode.swift; path = TapThroughTableView.swift; sourceTree = "<group>"; };
		A247504521EACBE600C0F712 /* CommentsHeaderCell.swift */ = {isa = PBXFileReference; lastKnownFileType = sourcecode.swift; path = CommentsHeaderCell.swift; sourceTree = "<group>"; };
		A247504721EAF0EE00C0F712 /* UIColor.swift */ = {isa = PBXFileReference; lastKnownFileType = sourcecode.swift; path = UIColor.swift; sourceTree = "<group>"; };
		A24818BF217815C8005B8819 /* Util.swift */ = {isa = PBXFileReference; lastKnownFileType = sourcecode.swift; path = Util.swift; sourceTree = "<group>"; };
		A24818C121781807005B8819 /* Subjects.swift */ = {isa = PBXFileReference; lastKnownFileType = sourcecode.swift; path = Subjects.swift; sourceTree = "<group>"; };
		A249FC852275F6DB00666498 /* SortBarTableViewHeaderCell.swift */ = {isa = PBXFileReference; lastKnownFileType = sourcecode.swift; path = SortBarTableViewHeaderCell.swift; sourceTree = "<group>"; };
		A249FC882275F99A00666498 /* PlayerView.swift */ = {isa = PBXFileReference; lastKnownFileType = sourcecode.swift; path = PlayerView.swift; sourceTree = "<group>"; };
		A249FC8A2275F9D600666498 /* TitleView.swift */ = {isa = PBXFileReference; lastKnownFileType = sourcecode.swift; path = TitleView.swift; sourceTree = "<group>"; };
		A249FC8C2275F9EC00666498 /* InfoView.swift */ = {isa = PBXFileReference; lastKnownFileType = sourcecode.swift; path = InfoView.swift; sourceTree = "<group>"; };
		A249FC902275FA6D00666498 /* VideoTableViewCell.swift */ = {isa = PBXFileReference; lastKnownFileType = sourcecode.swift; path = VideoTableViewCell.swift; sourceTree = "<group>"; };
		A25285762159E5BE00DCA537 /* GlobalPlayer.swift */ = {isa = PBXFileReference; lastKnownFileType = sourcecode.swift; path = GlobalPlayer.swift; sourceTree = "<group>"; };
		A2528583215C6F6B00DCA537 /* String.swift */ = {isa = PBXFileReference; lastKnownFileType = sourcecode.swift; path = String.swift; sourceTree = "<group>"; };
		A25285A921615AC700DCA537 /* CachingPlayerItem.swift */ = {isa = PBXFileReference; fileEncoding = 4; lastKnownFileType = sourcecode.swift; path = CachingPlayerItem.swift; sourceTree = "<group>"; };
		A25285AF2165955700DCA537 /* UIScrollView.swift */ = {isa = PBXFileReference; lastKnownFileType = sourcecode.swift; path = UIScrollView.swift; sourceTree = "<group>"; };
		A25285B52165B7DB00DCA537 /* StorageService.swift */ = {isa = PBXFileReference; lastKnownFileType = sourcecode.swift; path = StorageService.swift; sourceTree = "<group>"; };
		A25285B7216ACADD00DCA537 /* Config.swift */ = {isa = PBXFileReference; lastKnownFileType = sourcecode.swift; path = Config.swift; sourceTree = "<group>"; };
		A2591250211BD28200B09D73 /* RedditService.swift */ = {isa = PBXFileReference; lastKnownFileType = sourcecode.swift; path = RedditService.swift; sourceTree = "<group>"; };
		A269478321CEF93000A07F69 /* RedditAlertController.swift */ = {isa = PBXFileReference; lastKnownFileType = sourcecode.swift; path = RedditAlertController.swift; sourceTree = "<group>"; };
		A26BD836218FE09100E948A4 /* Int.swift */ = {isa = PBXFileReference; lastKnownFileType = sourcecode.swift; path = Int.swift; sourceTree = "<group>"; };
		A26F393D22A8A8C300A48A9B /* RedditAuthWebViewController.swift */ = {isa = PBXFileReference; lastKnownFileType = sourcecode.swift; path = RedditAuthWebViewController.swift; sourceTree = "<group>"; };
		A26F393F22A8B5D500A48A9B /* RedditUserModel.swift */ = {isa = PBXFileReference; lastKnownFileType = sourcecode.swift; path = RedditUserModel.swift; sourceTree = "<group>"; };
		A288A12B215344D000000733 /* MyPlayerView.swift */ = {isa = PBXFileReference; lastKnownFileType = sourcecode.swift; path = MyPlayerView.swift; sourceTree = "<group>"; };
		A28E619721F56368004B53A7 /* CommentsLoadingCell.swift */ = {isa = PBXFileReference; lastKnownFileType = sourcecode.swift; path = CommentsLoadingCell.swift; sourceTree = "<group>"; };
		A29CD0022119363900A5A6EC /* lsf.app */ = {isa = PBXFileReference; explicitFileType = wrapper.application; includeInIndex = 0; path = lsf.app; sourceTree = BUILT_PRODUCTS_DIR; };
		A29CD0052119363900A5A6EC /* AppDelegate.swift */ = {isa = PBXFileReference; lastKnownFileType = sourcecode.swift; path = AppDelegate.swift; sourceTree = "<group>"; };
		A29CD00C2119363C00A5A6EC /* Assets.xcassets */ = {isa = PBXFileReference; lastKnownFileType = folder.assetcatalog; path = Assets.xcassets; sourceTree = "<group>"; };
		A29CD00F2119363C00A5A6EC /* Base */ = {isa = PBXFileReference; lastKnownFileType = file.storyboard; name = Base; path = Base.lproj/LaunchScreen.storyboard; sourceTree = "<group>"; };
		A29CD0112119363C00A5A6EC /* Info.plist */ = {isa = PBXFileReference; lastKnownFileType = text.plist.xml; path = Info.plist; sourceTree = "<group>"; };
		A2A8143E2248720300A4E974 /* UserSettingsModel.swift */ = {isa = PBXFileReference; lastKnownFileType = sourcecode.swift; path = UserSettingsModel.swift; sourceTree = "<group>"; };
		A2AD9CE5226ECDEA00A19C57 /* RedditModel.swift */ = {isa = PBXFileReference; lastKnownFileType = sourcecode.swift; path = RedditModel.swift; sourceTree = "<group>"; };
		A2B0098121F01E9200888476 /* NSMutableAttributedString.swift */ = {isa = PBXFileReference; lastKnownFileType = sourcecode.swift; path = NSMutableAttributedString.swift; sourceTree = "<group>"; };
		A2B63F40227171EC00296DC8 /* MulticastDelegate.swift */ = {isa = PBXFileReference; lastKnownFileType = sourcecode.swift; path = MulticastDelegate.swift; sourceTree = "<group>"; };
		A2B7C2412198A616008DB7E6 /* MyTabBarController.swift */ = {isa = PBXFileReference; lastKnownFileType = sourcecode.swift; path = MyTabBarController.swift; sourceTree = "<group>"; };
		A2B7C2432198C211008DB7E6 /* RedditViewItemModel.swift */ = {isa = PBXFileReference; lastKnownFileType = sourcecode.swift; path = RedditViewItemModel.swift; sourceTree = "<group>"; };
		A2D38BD422597F7300D53289 /* Icons.swift */ = {isa = PBXFileReference; lastKnownFileType = sourcecode.swift; path = Icons.swift; sourceTree = "<group>"; };
		A2D5FC6E21F6CA220098A884 /* Date.swift */ = {isa = PBXFileReference; lastKnownFileType = sourcecode.swift; path = Date.swift; sourceTree = "<group>"; };
		A2D70E8B21EED67C00F69F0C /* CommentsTextView.swift */ = {isa = PBXFileReference; lastKnownFileType = sourcecode.swift; path = CommentsTextView.swift; sourceTree = "<group>"; };
		A2DCC61221EBB20500E08453 /* CommentsViewCellMore.swift */ = {isa = PBXFileReference; lastKnownFileType = sourcecode.swift; path = CommentsViewCellMore.swift; sourceTree = "<group>"; };
		A2DCC61421EC175700E08453 /* CommentsViewCellContent.swift */ = {isa = PBXFileReference; lastKnownFileType = sourcecode.swift; path = CommentsViewCellContent.swift; sourceTree = "<group>"; };
		A2DCC61E21EC2AE300E08453 /* MyNavigation.swift */ = {isa = PBXFileReference; lastKnownFileType = sourcecode.swift; path = MyNavigation.swift; sourceTree = "<group>"; };
		A2DCC62021EC2CAA00E08453 /* NSAttributedString.swift */ = {isa = PBXFileReference; lastKnownFileType = sourcecode.swift; path = NSAttributedString.swift; sourceTree = "<group>"; };
		A2DE2DB521FAA578003F66D1 /* ClipUrlService.swift */ = {isa = PBXFileReference; lastKnownFileType = sourcecode.swift; path = ClipUrlService.swift; sourceTree = "<group>"; };
		A2E2A123226806A500E5FA92 /* SettingsFormViewController.swift */ = {isa = PBXFileReference; lastKnownFileType = sourcecode.swift; path = SettingsFormViewController.swift; sourceTree = "<group>"; };
		A2E7018121F823BD00029C75 /* TwitchService.swift */ = {isa = PBXFileReference; lastKnownFileType = sourcecode.swift; path = TwitchService.swift; sourceTree = "<group>"; };
		A2EB008E22936CBE00AD78C2 /* Reachability.swift */ = {isa = PBXFileReference; lastKnownFileType = sourcecode.swift; path = Reachability.swift; sourceTree = "<group>"; };
		A2ED75BD227539CF00AE9C26 /* VideoTableViewController.swift */ = {isa = PBXFileReference; lastKnownFileType = sourcecode.swift; path = VideoTableViewController.swift; sourceTree = "<group>"; };
		A2F893B122C9947F00437944 /* CommentsAlertController.swift */ = {isa = PBXFileReference; lastKnownFileType = sourcecode.swift; path = CommentsAlertController.swift; sourceTree = "<group>"; };
/* End PBXFileReference section */

/* Begin PBXFrameworksBuildPhase section */
		A29CCFFF2119363900A5A6EC /* Frameworks */ = {
			isa = PBXFrameworksBuildPhase;
			buildActionMask = 2147483647;
			files = (
			);
			runOnlyForDeploymentPostprocessing = 0;
		};
/* End PBXFrameworksBuildPhase section */

/* Begin PBXGroup section */
		A200E49222CAF65B00BC5A66 /* AlertControllers */ = {
			isa = PBXGroup;
			children = (
				A2F893B122C9947F00437944 /* CommentsAlertController.swift */,
				A269478321CEF93000A07F69 /* RedditAlertController.swift */,
			);
			path = AlertControllers;
			sourceTree = "<group>";
		};
		A2397904224B0A4F00844E83 /* UIElements */ = {
			isa = PBXGroup;
			children = (
				A2397905224B0A7E00844E83 /* Labels.swift */,
				A2D38BD422597F7300D53289 /* Icons.swift */,
				A21D3C07228524A300E5471E /* MyIconLabel.swift */,
			);
			path = UIElements;
			sourceTree = "<group>";
		};
		A24818C321781811005B8819 /* Global */ = {
			isa = PBXGroup;
			children = (
				A25285762159E5BE00DCA537 /* GlobalPlayer.swift */,
				A24818C121781807005B8819 /* Subjects.swift */,
				A2DCC61E21EC2AE300E08453 /* MyNavigation.swift */,
			);
			path = Global;
			sourceTree = "<group>";
		};
		A249FC872275F98300666498 /* Video */ = {
			isa = PBXGroup;
			children = (
				A249FC852275F6DB00666498 /* SortBarTableViewHeaderCell.swift */,
				A249FC8C2275F9EC00666498 /* InfoView.swift */,
				A249FC882275F99A00666498 /* PlayerView.swift */,
				A249FC8A2275F9D600666498 /* TitleView.swift */,
				A249FC902275FA6D00666498 /* VideoTableViewCell.swift */,
			);
			path = Video;
			sourceTree = "<group>";
		};
		A252857F215C6E8C00DCA537 /* Model */ = {
			isa = PBXGroup;
			children = (
				A2B7C2432198C211008DB7E6 /* RedditViewItemModel.swift */,
				A2A8143E2248720300A4E974 /* UserSettingsModel.swift */,
				A2AD9CE5226ECDEA00A19C57 /* RedditModel.swift */,
				A2043986227005D8007130AC /* RealmRedditModel.swift */,
				A26F393F22A8B5D500A48A9B /* RedditUserModel.swift */,
			);
			path = Model;
			sourceTree = "<group>";
		};
		A2528582215C6F5B00DCA537 /* Extensions */ = {
			isa = PBXGroup;
			children = (
				A26BD836218FE09100E948A4 /* Int.swift */,
				A2528583215C6F6B00DCA537 /* String.swift */,
				A25285AF2165955700DCA537 /* UIScrollView.swift */,
				A247504721EAF0EE00C0F712 /* UIColor.swift */,
				A2DCC62021EC2CAA00E08453 /* NSAttributedString.swift */,
				A2B0098121F01E9200888476 /* NSMutableAttributedString.swift */,
				A2D5FC6E21F6CA220098A884 /* Date.swift */,
			);
			path = Extensions;
			sourceTree = "<group>";
		};
		A259124F211BD26700B09D73 /* Services */ = {
			isa = PBXGroup;
			children = (
				A25285B52165B7DB00DCA537 /* StorageService.swift */,
				A2E7018121F823BD00029C75 /* TwitchService.swift */,
				A2DE2DB521FAA578003F66D1 /* ClipUrlService.swift */,
				A2591250211BD28200B09D73 /* RedditService.swift */,
				A23286FD229F808F007CBF28 /* RedditInterceptorService.swift */,
				A23286FF229F89BB007CBF28 /* RedditAuthService.swift */,
			);
			path = Services;
			sourceTree = "<group>";
		};
		A27E877921E10375002501F1 /* Comments */ = {
			isa = PBXGroup;
			children = (
				A247504121EA6F1A00C0F712 /* CommentsTableView.swift */,
				A242E87B21E2867D004A8026 /* CommentsViewCell.swift */,
				A2DCC61421EC175700E08453 /* CommentsViewCellContent.swift */,
				A2DCC61221EBB20500E08453 /* CommentsViewCellMore.swift */,
				A247504521EACBE600C0F712 /* CommentsHeaderCell.swift */,
				A28E619721F56368004B53A7 /* CommentsLoadingCell.swift */,
				A2D70E8B21EED67C00F69F0C /* CommentsTextView.swift */,
			);
			path = Comments;
			sourceTree = "<group>";
		};
		A27E877A21E10394002501F1 /* Main */ = {
			isa = PBXGroup;
			children = (
				A2B7C2412198A616008DB7E6 /* MyTabBarController.swift */,
				A2ED75BD227539CF00AE9C26 /* VideoTableViewController.swift */,
				A23EE92A228133FD00F35F4B /* FavoriteTableViewController.swift */,
				A23EE92C2281342A00F35F4B /* BaseVideoTableViewController.swift */,
			);
			path = Main;
			sourceTree = "<group>";
		};
		A27E877B21E10474002501F1 /* Settings */ = {
			isa = PBXGroup;
			children = (
				A2E2A123226806A500E5FA92 /* SettingsFormViewController.swift */,
				A26F393D22A8A8C300A48A9B /* RedditAuthWebViewController.swift */,
			);
			path = Settings;
			sourceTree = "<group>";
		};
		A29CCFF92119363900A5A6EC = {
			isa = PBXGroup;
			children = (
				A29CD0042119363900A5A6EC /* lsf */,
				A29CD0032119363900A5A6EC /* Products */,
			);
			sourceTree = "<group>";
		};
		A29CD0032119363900A5A6EC /* Products */ = {
			isa = PBXGroup;
			children = (
				A29CD0022119363900A5A6EC /* lsf.app */,
			);
			name = Products;
			sourceTree = "<group>";
		};
		A29CD0042119363900A5A6EC /* lsf */ = {
			isa = PBXGroup;
			children = (
				A2B63F3F227171D300296DC8 /* Util */,
				A2D38BD12259757900D53289 /* Icons */,
				A2528582215C6F5B00DCA537 /* Extensions */,
				A24818C321781811005B8819 /* Global */,
				A2D0EF6E21CEB225002F1134 /* Libs */,
				A252857F215C6E8C00DCA537 /* Model */,
				A259124F211BD26700B09D73 /* Services */,
				A2D0EF6C21CEB1F4002F1134 /* ViewControllers */,
				A2D0EF6D21CEB203002F1134 /* Views */,
				A2397904224B0A4F00844E83 /* UIElements */,
				A29CD00C2119363C00A5A6EC /* Assets.xcassets */,
				A29CD0052119363900A5A6EC /* AppDelegate.swift */,
				A29CD0112119363C00A5A6EC /* Info.plist */,
				A29CD00E2119363C00A5A6EC /* LaunchScreen.storyboard */,
			);
			path = lsf;
			sourceTree = "<group>";
		};
		A2B63F3F227171D300296DC8 /* Util */ = {
			isa = PBXGroup;
			children = (
				A25285B7216ACADD00DCA537 /* Config.swift */,
				A24818BF217815C8005B8819 /* Util.swift */,
				A2B63F40227171EC00296DC8 /* MulticastDelegate.swift */,
			);
			path = Util;
			sourceTree = "<group>";
		};
		A2D0EF6C21CEB1F4002F1134 /* ViewControllers */ = {
			isa = PBXGroup;
			children = (
				A200E49222CAF65B00BC5A66 /* AlertControllers */,
				A27E877A21E10394002501F1 /* Main */,
				A27E877B21E10474002501F1 /* Settings */,
			);
			path = ViewControllers;
			sourceTree = "<group>";
		};
		A2D0EF6D21CEB203002F1134 /* Views */ = {
			isa = PBXGroup;
			children = (
				A249FC872275F98300666498 /* Video */,
				A27E877921E10375002501F1 /* Comments */,
				A288A12B215344D000000733 /* MyPlayerView.swift */,
				A242E87D21E294CB004A8026 /* TapThroughCollectionView.swift */,
				A247504321EA726D00C0F712 /* TapThroughTableView.swift */,
			);
			path = Views;
			sourceTree = "<group>";
		};
		A2D0EF6E21CEB225002F1134 /* Libs */ = {
			isa = PBXGroup;
			children = (
				A25285A921615AC700DCA537 /* CachingPlayerItem.swift */,
				A2EB008E22936CBE00AD78C2 /* Reachability.swift */,
			);
			path = Libs;
			sourceTree = "<group>";
		};
		A2D38BD12259757900D53289 /* Icons */ = {
			isa = PBXGroup;
			children = (
				A21E2E21225A482600B212F3 /* icomoon.ttf */,
			);
			path = Icons;
			sourceTree = "<group>";
		};
/* End PBXGroup section */

/* Begin PBXNativeTarget section */
		A29CD0012119363900A5A6EC /* lsf */ = {
			isa = PBXNativeTarget;
			buildConfigurationList = A29CD0142119363C00A5A6EC /* Build configuration list for PBXNativeTarget "lsf" */;
			buildPhases = (
				A29CCFFE2119363900A5A6EC /* Sources */,
				A29CCFFF2119363900A5A6EC /* Frameworks */,
				A29CD0002119363900A5A6EC /* Resources */,
				A2F9797C228D136300194C96 /* ShellScript */,
			);
			buildRules = (
			);
			dependencies = (
			);
			name = lsf;
			productName = haiku;
			productReference = A29CD0022119363900A5A6EC /* lsf.app */;
			productType = "com.apple.product-type.application";
		};
/* End PBXNativeTarget section */

/* Begin PBXProject section */
		A29CCFFA2119363900A5A6EC /* Project object */ = {
			isa = PBXProject;
			attributes = {
				LastSwiftUpdateCheck = 0940;
				LastUpgradeCheck = 1020;
				ORGANIZATIONNAME = "Mitchell Gerber";
				TargetAttributes = {
					A29CD0012119363900A5A6EC = {
						CreatedOnToolsVersion = 9.4.1;
						LastSwiftMigration = 1000;
					};
				};
			};
			buildConfigurationList = A29CCFFD2119363900A5A6EC /* Build configuration list for PBXProject "lsf" */;
			compatibilityVersion = "Xcode 9.3";
			developmentRegion = en;
			hasScannedForEncodings = 0;
			knownRegions = (
				en,
				Base,
			);
			mainGroup = A29CCFF92119363900A5A6EC;
			productRefGroup = A29CD0032119363900A5A6EC /* Products */;
			projectDirPath = "";
			projectRoot = "";
			targets = (
				A29CD0012119363900A5A6EC /* lsf */,
			);
		};
/* End PBXProject section */

/* Begin PBXResourcesBuildPhase section */
		A29CD0002119363900A5A6EC /* Resources */ = {
			isa = PBXResourcesBuildPhase;
			buildActionMask = 2147483647;
			files = (
				A21E2E22225A482B00B212F3 /* icomoon.ttf in Resources */,
				A29CD00D2119363C00A5A6EC /* Assets.xcassets in Resources */,
				A29CD0102119363C00A5A6EC /* LaunchScreen.storyboard in Resources */,
			);
			runOnlyForDeploymentPostprocessing = 0;
		};
/* End PBXResourcesBuildPhase section */

/* Begin PBXShellScriptBuildPhase section */
		A2F9797C228D136300194C96 /* ShellScript */ = {
			isa = PBXShellScriptBuildPhase;
			buildActionMask = 2147483647;
			files = (
			);
			inputFileListPaths = (
			);
			inputPaths = (
				"$(SRCROOT)/Carthage/Build/iOS/Alamofire.framework",
				"$(SRCROOT)/Carthage/Build/iOS/DifferenceKit.framework",
				"$(SRCROOT)/Carthage/Build/iOS/Disk.framework",
				"$(SRCROOT)/Carthage/Build/iOS/Eureka.framework",
				"$(SRCROOT)/Carthage/Build/iOS/Kingfisher.framework",
				"$(SRCROOT)/Carthage/Build/iOS/Marshal.framework",
				"$(SRCROOT)/Carthage/Build/iOS/Realm.framework",
				"$(SRCROOT)/Carthage/Build/iOS/RealmSwift.framework",
				"$(SRCROOT)/Carthage/Build/iOS/RevealingSplashView.framework",
				"$(SRCROOT)/Carthage/Build/iOS/RxSwift.framework",
				"$(SRCROOT)/Carthage/Build/iOS/SnapKit.framework",
				"$(SRCROOT)/Carthage/Build/iOS/SwiftIcons.framework",
				"$(SRCROOT)/Carthage/Build/iOS/SwiftSoup.framework",
				"$(SRCROOT)/Carthage/Build/iOS/XCDYouTubeKit.framework",
				"$(SRCROOT)/Carthage/Build/iOS/MGSwipeTableCell.framework",
			);
			outputFileListPaths = (
			);
			outputPaths = (
				"$(BUILT_PRODUCTS_DIR)/$(FRAMEWORKS_FOLDER_PATH)/Alamofire.framework",
				"$(BUILT_PRODUCTS_DIR)/$(FRAMEWORKS_FOLDER_PATH)/DifferenceKit.framework",
				"$(BUILT_PRODUCTS_DIR)/$(FRAMEWORKS_FOLDER_PATH)/Disk.framework",
				"$(BUILT_PRODUCTS_DIR)/$(FRAMEWORKS_FOLDER_PATH)/Eureka.framework",
				"$(BUILT_PRODUCTS_DIR)/$(FRAMEWORKS_FOLDER_PATH)/Kingfisher.framework",
				"$(BUILT_PRODUCTS_DIR)/$(FRAMEWORKS_FOLDER_PATH)/Marshal.framework",
				"$(BUILT_PRODUCTS_DIR)/$(FRAMEWORKS_FOLDER_PATH)/Realm.framework",
				"$(BUILT_PRODUCTS_DIR)/$(FRAMEWORKS_FOLDER_PATH)/RealmSwift.framework",
				"$(BUILT_PRODUCTS_DIR)/$(FRAMEWORKS_FOLDER_PATH)/RevealingSplashView.framework",
				"$(BUILT_PRODUCTS_DIR)/$(FRAMEWORKS_FOLDER_PATH)/RxSwift.framework",
				"$(BUILT_PRODUCTS_DIR)/$(FRAMEWORKS_FOLDER_PATH)/SnapKit.framework",
				"$(BUILT_PRODUCTS_DIR)/$(FRAMEWORKS_FOLDER_PATH)/SwiftIcons.framework",
				"$(BUILT_PRODUCTS_DIR)/$(FRAMEWORKS_FOLDER_PATH)/SwiftSoup.framework",
				"$(BUILT_PRODUCTS_DIR)/$(FRAMEWORKS_FOLDER_PATH)/XCDYouTubeKit.framework",
				"$(BUILT_PRODUCTS_DIR)/$(FRAMEWORKS_FOLDER_PATH)/MGSwipeTableCell.framework",
			);
			runOnlyForDeploymentPostprocessing = 0;
			shellPath = /bin/sh;
			shellScript = "# Type a script or drag a script file from your workspace to insert its path.\n/usr/local/bin/carthage copy-frameworks\n";
		};
/* End PBXShellScriptBuildPhase section */

/* Begin PBXSourcesBuildPhase section */
		A29CCFFE2119363900A5A6EC /* Sources */ = {
			isa = PBXSourcesBuildPhase;
			buildActionMask = 2147483647;
			files = (
				A29CD0062119363900A5A6EC /* AppDelegate.swift in Sources */,
				A25285AA21615AC800DCA537 /* CachingPlayerItem.swift in Sources */,
				A25285B8216ACADD00DCA537 /* Config.swift in Sources */,
				A2DE2DB621FAA578003F66D1 /* ClipUrlService.swift in Sources */,
				A249FC8D2275F9EC00666498 /* InfoView.swift in Sources */,
				A249FC892275F99A00666498 /* PlayerView.swift in Sources */,
				A247504621EACBE600C0F712 /* CommentsHeaderCell.swift in Sources */,
				A247504421EA726D00C0F712 /* TapThroughTableView.swift in Sources */,
				A2ED75BE227539CF00AE9C26 /* VideoTableViewController.swift in Sources */,
				A2043987227005D8007130AC /* RealmRedditModel.swift in Sources */,
				A25285772159E5BE00DCA537 /* GlobalPlayer.swift in Sources */,
				A2A8143F2248720300A4E974 /* UserSettingsModel.swift in Sources */,
				A2DCC61F21EC2AE300E08453 /* MyNavigation.swift in Sources */,
				A26F394022A8B5D500A48A9B /* RedditUserModel.swift in Sources */,
				A26BD837218FE09100E948A4 /* Int.swift in Sources */,
				A2AD9CE6226ECDEA00A19C57 /* RedditModel.swift in Sources */,
				A2DCC61321EBB20500E08453 /* CommentsViewCellMore.swift in Sources */,
				A288A12C215344D000000733 /* MyPlayerView.swift in Sources */,
				A2B7C2422198A616008DB7E6 /* MyTabBarController.swift in Sources */,
				A2B0098221F01E9200888476 /* NSMutableAttributedString.swift in Sources */,
				A242E87E21E294CB004A8026 /* TapThroughCollectionView.swift in Sources */,
				A2E7018221F823BD00029C75 /* TwitchService.swift in Sources */,
				A2591251211BD28200B09D73 /* RedditService.swift in Sources */,
				A269478421CEF93000A07F69 /* RedditAlertController.swift in Sources */,
				A2B7C2442198C211008DB7E6 /* RedditViewItemModel.swift in Sources */,
				A23EE92D2281342A00F35F4B /* BaseVideoTableViewController.swift in Sources */,
				A23EE92B228133FD00F35F4B /* FavoriteTableViewController.swift in Sources */,
				A2D70E8C21EED67C00F69F0C /* CommentsTextView.swift in Sources */,
				A26F393E22A8A8C300A48A9B /* RedditAuthWebViewController.swift in Sources */,
				A249FC912275FA6D00666498 /* VideoTableViewCell.swift in Sources */,
				A2EB008F22936CBE00AD78C2 /* Reachability.swift in Sources */,
				A2D38BD522597F7300D53289 /* Icons.swift in Sources */,
				A21D3C08228524A300E5471E /* MyIconLabel.swift in Sources */,
				A2397906224B0A7E00844E83 /* Labels.swift in Sources */,
				A25285B62165B7DB00DCA537 /* StorageService.swift in Sources */,
				A247504821EAF0EE00C0F712 /* UIColor.swift in Sources */,
				A2DCC61521EC175700E08453 /* CommentsViewCellContent.swift in Sources */,
				A2528584215C6F6B00DCA537 /* String.swift in Sources */,
				A24818C221781807005B8819 /* Subjects.swift in Sources */,
				A247504221EA6F1A00C0F712 /* CommentsTableView.swift in Sources */,
				A28E619821F56368004B53A7 /* CommentsLoadingCell.swift in Sources */,
				A249FC8B2275F9D600666498 /* TitleView.swift in Sources */,
				A2F893B222C9947F00437944 /* CommentsAlertController.swift in Sources */,
				A2DCC62121EC2CAA00E08453 /* NSAttributedString.swift in Sources */,
				A23286FE229F808F007CBF28 /* RedditInterceptorService.swift in Sources */,
				A25285B02165955800DCA537 /* UIScrollView.swift in Sources */,
				A242E87C21E2867D004A8026 /* CommentsViewCell.swift in Sources */,
				A249FC862275F6DB00666498 /* SortBarTableViewHeaderCell.swift in Sources */,
				A24818C0217815C8005B8819 /* Util.swift in Sources */,
				A2D5FC6F21F6CA220098A884 /* Date.swift in Sources */,
				A2B63F41227171EC00296DC8 /* MulticastDelegate.swift in Sources */,
				A2E2A124226806A500E5FA92 /* SettingsFormViewController.swift in Sources */,
				A2328700229F89BB007CBF28 /* RedditAuthService.swift in Sources */,
			);
			runOnlyForDeploymentPostprocessing = 0;
		};
/* End PBXSourcesBuildPhase section */

/* Begin PBXVariantGroup section */
		A29CD00E2119363C00A5A6EC /* LaunchScreen.storyboard */ = {
			isa = PBXVariantGroup;
			children = (
				A29CD00F2119363C00A5A6EC /* Base */,
			);
			name = LaunchScreen.storyboard;
			sourceTree = "<group>";
		};
/* End PBXVariantGroup section */

/* Begin XCBuildConfiguration section */
		A29CD0122119363C00A5A6EC /* Debug */ = {
			isa = XCBuildConfiguration;
			buildSettings = {
				ALWAYS_SEARCH_USER_PATHS = NO;
				CLANG_ANALYZER_NONNULL = YES;
				CLANG_ANALYZER_NUMBER_OBJECT_CONVERSION = YES_AGGRESSIVE;
				CLANG_CXX_LANGUAGE_STANDARD = "gnu++14";
				CLANG_CXX_LIBRARY = "libc++";
				CLANG_ENABLE_MODULES = YES;
				CLANG_ENABLE_OBJC_ARC = YES;
				CLANG_ENABLE_OBJC_WEAK = YES;
				CLANG_WARN_BLOCK_CAPTURE_AUTORELEASING = YES;
				CLANG_WARN_BOOL_CONVERSION = YES;
				CLANG_WARN_COMMA = YES;
				CLANG_WARN_CONSTANT_CONVERSION = YES;
				CLANG_WARN_DEPRECATED_OBJC_IMPLEMENTATIONS = YES;
				CLANG_WARN_DIRECT_OBJC_ISA_USAGE = YES_ERROR;
				CLANG_WARN_DOCUMENTATION_COMMENTS = YES;
				CLANG_WARN_EMPTY_BODY = YES;
				CLANG_WARN_ENUM_CONVERSION = YES;
				CLANG_WARN_INFINITE_RECURSION = YES;
				CLANG_WARN_INT_CONVERSION = YES;
				CLANG_WARN_NON_LITERAL_NULL_CONVERSION = YES;
				CLANG_WARN_OBJC_IMPLICIT_RETAIN_SELF = YES;
				CLANG_WARN_OBJC_LITERAL_CONVERSION = YES;
				CLANG_WARN_OBJC_ROOT_CLASS = YES_ERROR;
				CLANG_WARN_RANGE_LOOP_ANALYSIS = YES;
				CLANG_WARN_STRICT_PROTOTYPES = YES;
				CLANG_WARN_SUSPICIOUS_MOVE = YES;
				CLANG_WARN_UNGUARDED_AVAILABILITY = YES_AGGRESSIVE;
				CLANG_WARN_UNREACHABLE_CODE = YES;
				CLANG_WARN__DUPLICATE_METHOD_MATCH = YES;
				CODE_SIGN_IDENTITY = "iPhone Developer";
				COPY_PHASE_STRIP = NO;
				DEBUG_INFORMATION_FORMAT = dwarf;
				ENABLE_STRICT_OBJC_MSGSEND = YES;
				ENABLE_TESTABILITY = YES;
				GCC_C_LANGUAGE_STANDARD = gnu11;
				GCC_DYNAMIC_NO_PIC = NO;
				GCC_NO_COMMON_BLOCKS = YES;
				GCC_OPTIMIZATION_LEVEL = 0;
				GCC_PREPROCESSOR_DEFINITIONS = (
					"DEBUG=1",
					"$(inherited)",
				);
				GCC_WARN_64_TO_32_BIT_CONVERSION = YES;
				GCC_WARN_ABOUT_RETURN_TYPE = YES_ERROR;
				GCC_WARN_UNDECLARED_SELECTOR = YES;
				GCC_WARN_UNINITIALIZED_AUTOS = YES_AGGRESSIVE;
				GCC_WARN_UNUSED_FUNCTION = YES;
				GCC_WARN_UNUSED_VARIABLE = YES;
				IPHONEOS_DEPLOYMENT_TARGET = 11.4;
				MTL_ENABLE_DEBUG_INFO = YES;
				ONLY_ACTIVE_ARCH = YES;
				SDKROOT = iphoneos;
				SWIFT_ACTIVE_COMPILATION_CONDITIONS = DEBUG;
				SWIFT_OPTIMIZATION_LEVEL = "-Onone";
			};
			name = Debug;
		};
		A29CD0132119363C00A5A6EC /* Release */ = {
			isa = XCBuildConfiguration;
			buildSettings = {
				ALWAYS_SEARCH_USER_PATHS = NO;
				CLANG_ANALYZER_NONNULL = YES;
				CLANG_ANALYZER_NUMBER_OBJECT_CONVERSION = YES_AGGRESSIVE;
				CLANG_CXX_LANGUAGE_STANDARD = "gnu++14";
				CLANG_CXX_LIBRARY = "libc++";
				CLANG_ENABLE_MODULES = YES;
				CLANG_ENABLE_OBJC_ARC = YES;
				CLANG_ENABLE_OBJC_WEAK = YES;
				CLANG_WARN_BLOCK_CAPTURE_AUTORELEASING = YES;
				CLANG_WARN_BOOL_CONVERSION = YES;
				CLANG_WARN_COMMA = YES;
				CLANG_WARN_CONSTANT_CONVERSION = YES;
				CLANG_WARN_DEPRECATED_OBJC_IMPLEMENTATIONS = YES;
				CLANG_WARN_DIRECT_OBJC_ISA_USAGE = YES_ERROR;
				CLANG_WARN_DOCUMENTATION_COMMENTS = YES;
				CLANG_WARN_EMPTY_BODY = YES;
				CLANG_WARN_ENUM_CONVERSION = YES;
				CLANG_WARN_INFINITE_RECURSION = YES;
				CLANG_WARN_INT_CONVERSION = YES;
				CLANG_WARN_NON_LITERAL_NULL_CONVERSION = YES;
				CLANG_WARN_OBJC_IMPLICIT_RETAIN_SELF = YES;
				CLANG_WARN_OBJC_LITERAL_CONVERSION = YES;
				CLANG_WARN_OBJC_ROOT_CLASS = YES_ERROR;
				CLANG_WARN_RANGE_LOOP_ANALYSIS = YES;
				CLANG_WARN_STRICT_PROTOTYPES = YES;
				CLANG_WARN_SUSPICIOUS_MOVE = YES;
				CLANG_WARN_UNGUARDED_AVAILABILITY = YES_AGGRESSIVE;
				CLANG_WARN_UNREACHABLE_CODE = YES;
				CLANG_WARN__DUPLICATE_METHOD_MATCH = YES;
				CODE_SIGN_IDENTITY = "iPhone Developer";
				COPY_PHASE_STRIP = NO;
				DEBUG_INFORMATION_FORMAT = "dwarf-with-dsym";
				ENABLE_NS_ASSERTIONS = NO;
				ENABLE_STRICT_OBJC_MSGSEND = YES;
				GCC_C_LANGUAGE_STANDARD = gnu11;
				GCC_NO_COMMON_BLOCKS = YES;
				GCC_WARN_64_TO_32_BIT_CONVERSION = YES;
				GCC_WARN_ABOUT_RETURN_TYPE = YES_ERROR;
				GCC_WARN_UNDECLARED_SELECTOR = YES;
				GCC_WARN_UNINITIALIZED_AUTOS = YES_AGGRESSIVE;
				GCC_WARN_UNUSED_FUNCTION = YES;
				GCC_WARN_UNUSED_VARIABLE = YES;
				IPHONEOS_DEPLOYMENT_TARGET = 11.4;
				MTL_ENABLE_DEBUG_INFO = NO;
				SDKROOT = iphoneos;
				SWIFT_COMPILATION_MODE = wholemodule;
				SWIFT_OPTIMIZATION_LEVEL = "-O";
				VALIDATE_PRODUCT = YES;
			};
			name = Release;
		};
		A29CD0152119363C00A5A6EC /* Debug */ = {
			isa = XCBuildConfiguration;
			buildSettings = {
				ASSETCATALOG_COMPILER_APPICON_NAME = AppIcon;
				CLANG_ENABLE_MODULES = YES;
				CODE_SIGN_IDENTITY = "iPhone Developer";
				CODE_SIGN_STYLE = Automatic;
				DEVELOPMENT_TEAM = JH7LP27F8M;
				FRAMEWORK_SEARCH_PATHS = (
					"$(inherited)",
					"$(PROJECT_DIR)/Carthage/Build/iOS",
				);
				INFOPLIST_FILE = lsf/Info.plist;
				IPHONEOS_DEPLOYMENT_TARGET = 12.2;
				LD_RUNPATH_SEARCH_PATHS = (
					"$(inherited)",
					"@executable_path/Frameworks",
				);
				PRODUCT_BUNDLE_IDENTIFIER = com.mitchell.lsf;
				PRODUCT_NAME = "$(TARGET_NAME)";
				PROVISIONING_PROFILE_SPECIFIER = "";
				SWIFT_OPTIMIZATION_LEVEL = "-Onone";
				SWIFT_VERSION = 4.0;
				TARGETED_DEVICE_FAMILY = 1;
			};
			name = Debug;
		};
		A29CD0162119363C00A5A6EC /* Release */ = {
			isa = XCBuildConfiguration;
			buildSettings = {
				ASSETCATALOG_COMPILER_APPICON_NAME = AppIcon;
				CLANG_ENABLE_MODULES = YES;
				CODE_SIGN_IDENTITY = "iPhone Developer";
				CODE_SIGN_STYLE = Automatic;
				DEVELOPMENT_TEAM = JH7LP27F8M;
				FRAMEWORK_SEARCH_PATHS = (
					"$(inherited)",
					"$(PROJECT_DIR)/Carthage/Build/iOS",
				);
				INFOPLIST_FILE = lsf/Info.plist;
				IPHONEOS_DEPLOYMENT_TARGET = 12.2;
				LD_RUNPATH_SEARCH_PATHS = (
					"$(inherited)",
					"@executable_path/Frameworks",
				);
				PRODUCT_BUNDLE_IDENTIFIER = com.mitchell.lsf;
				PRODUCT_NAME = "$(TARGET_NAME)";
				PROVISIONING_PROFILE_SPECIFIER = "";
				SWIFT_VERSION = 4.0;
				TARGETED_DEVICE_FAMILY = 1;
			};
			name = Release;
		};
/* End XCBuildConfiguration section */

/* Begin XCConfigurationList section */
		A29CCFFD2119363900A5A6EC /* Build configuration list for PBXProject "lsf" */ = {
			isa = XCConfigurationList;
			buildConfigurations = (
				A29CD0122119363C00A5A6EC /* Debug */,
				A29CD0132119363C00A5A6EC /* Release */,
			);
			defaultConfigurationIsVisible = 0;
			defaultConfigurationName = Release;
		};
		A29CD0142119363C00A5A6EC /* Build configuration list for PBXNativeTarget "lsf" */ = {
			isa = XCConfigurationList;
			buildConfigurations = (
				A29CD0152119363C00A5A6EC /* Debug */,
				A29CD0162119363C00A5A6EC /* Release */,
			);
			defaultConfigurationIsVisible = 0;
			defaultConfigurationName = Release;
		};
/* End XCConfigurationList section */
	};
	rootObject = A29CCFFA2119363900A5A6EC /* Project object */;
}
