// !$*UTF8*$!
{
	archiveVersion = 1;
	classes = {
	};
	objectVersion = 50;
	objects = {

/* Begin PBXBuildFile section */
		A20A709D21E8176F00BD3D0C /* Cache.framework in Frameworks */ = {isa = PBXBuildFile; fileRef = A20A709C21E8176F00BD3D0C /* Cache.framework */; };
		A20A709F21E8177500BD3D0C /* DynamicJSON.framework in Frameworks */ = {isa = PBXBuildFile; fileRef = A20A709E21E8177500BD3D0C /* DynamicJSON.framework */; };
		A20A70A121E8177800BD3D0C /* FlexLayout.framework in Frameworks */ = {isa = PBXBuildFile; fileRef = A20A70A021E8177800BD3D0C /* FlexLayout.framework */; };
		A20A70A321E8178000BD3D0C /* IGListKit.framework in Frameworks */ = {isa = PBXBuildFile; fileRef = A20A70A221E8178000BD3D0C /* IGListKit.framework */; };
		A20A70A521E8178300BD3D0C /* Kingfisher.framework in Frameworks */ = {isa = PBXBuildFile; fileRef = A20A70A421E8178300BD3D0C /* Kingfisher.framework */; };
		A20A70A721E8178800BD3D0C /* PinLayout.framework in Frameworks */ = {isa = PBXBuildFile; fileRef = A20A70A621E8178800BD3D0C /* PinLayout.framework */; };
		A20A70AF21E817A100BD3D0C /* SnapKit.framework in Frameworks */ = {isa = PBXBuildFile; fileRef = A20A70AE21E817A100BD3D0C /* SnapKit.framework */; };
		A20A70B621E817B800BD3D0C /* XCDYouTubeKit.framework in Frameworks */ = {isa = PBXBuildFile; fileRef = A20A70B421E817AC00BD3D0C /* XCDYouTubeKit.framework */; };
		A20A70B721E817B800BD3D0C /* XCDYouTubeKit.framework in Embed Frameworks */ = {isa = PBXBuildFile; fileRef = A20A70B421E817AC00BD3D0C /* XCDYouTubeKit.framework */; settings = {ATTRIBUTES = (CodeSignOnCopy, RemoveHeadersOnCopy, ); }; };
		A20A70B821E817B800BD3D0C /* SwiftyJSON.framework in Frameworks */ = {isa = PBXBuildFile; fileRef = A20A70B221E817A900BD3D0C /* SwiftyJSON.framework */; };
		A20A70B921E817B800BD3D0C /* SwiftyJSON.framework in Embed Frameworks */ = {isa = PBXBuildFile; fileRef = A20A70B221E817A900BD3D0C /* SwiftyJSON.framework */; settings = {ATTRIBUTES = (CodeSignOnCopy, RemoveHeadersOnCopy, ); }; };
		A20A70BA21E817B800BD3D0C /* SwiftIcons.framework in Frameworks */ = {isa = PBXBuildFile; fileRef = A20A70B021E817A300BD3D0C /* SwiftIcons.framework */; };
		A20A70BB21E817B800BD3D0C /* SwiftIcons.framework in Embed Frameworks */ = {isa = PBXBuildFile; fileRef = A20A70B021E817A300BD3D0C /* SwiftIcons.framework */; settings = {ATTRIBUTES = (CodeSignOnCopy, RemoveHeadersOnCopy, ); }; };
		A20A70BD21E817B800BD3D0C /* SnapKit.framework in Embed Frameworks */ = {isa = PBXBuildFile; fileRef = A20A70AE21E817A100BD3D0C /* SnapKit.framework */; settings = {ATTRIBUTES = (CodeSignOnCopy, RemoveHeadersOnCopy, ); }; };
		A20A70BE21E817B800BD3D0C /* RxSwift.framework in Frameworks */ = {isa = PBXBuildFile; fileRef = A20A70AC21E8179E00BD3D0C /* RxSwift.framework */; };
		A20A70BF21E817B800BD3D0C /* RxSwift.framework in Embed Frameworks */ = {isa = PBXBuildFile; fileRef = A20A70AC21E8179E00BD3D0C /* RxSwift.framework */; settings = {ATTRIBUTES = (CodeSignOnCopy, RemoveHeadersOnCopy, ); }; };
		A20A70C021E817B800BD3D0C /* RealmSwift.framework in Frameworks */ = {isa = PBXBuildFile; fileRef = A20A70AA21E8178D00BD3D0C /* RealmSwift.framework */; };
		A20A70C121E817B800BD3D0C /* RealmSwift.framework in Embed Frameworks */ = {isa = PBXBuildFile; fileRef = A20A70AA21E8178D00BD3D0C /* RealmSwift.framework */; settings = {ATTRIBUTES = (CodeSignOnCopy, RemoveHeadersOnCopy, ); }; };
		A20A70C321E817B800BD3D0C /* Realm.framework in Embed Frameworks */ = {isa = PBXBuildFile; fileRef = A20A70A821E8178A00BD3D0C /* Realm.framework */; settings = {ATTRIBUTES = (CodeSignOnCopy, RemoveHeadersOnCopy, ); }; };
		A20A70C421E817B800BD3D0C /* PinLayout.framework in Frameworks */ = {isa = PBXBuildFile; fileRef = A20A70A621E8178800BD3D0C /* PinLayout.framework */; };
		A20A70C521E817B800BD3D0C /* PinLayout.framework in Embed Frameworks */ = {isa = PBXBuildFile; fileRef = A20A70A621E8178800BD3D0C /* PinLayout.framework */; settings = {ATTRIBUTES = (CodeSignOnCopy, RemoveHeadersOnCopy, ); }; };
		A20A70C721E817B800BD3D0C /* Kingfisher.framework in Embed Frameworks */ = {isa = PBXBuildFile; fileRef = A20A70A421E8178300BD3D0C /* Kingfisher.framework */; settings = {ATTRIBUTES = (CodeSignOnCopy, RemoveHeadersOnCopy, ); }; };
		A20A70C921E817B800BD3D0C /* IGListKit.framework in Embed Frameworks */ = {isa = PBXBuildFile; fileRef = A20A70A221E8178000BD3D0C /* IGListKit.framework */; settings = {ATTRIBUTES = (CodeSignOnCopy, RemoveHeadersOnCopy, ); }; };
		A20A70CB21E817B800BD3D0C /* FlexLayout.framework in Embed Frameworks */ = {isa = PBXBuildFile; fileRef = A20A70A021E8177800BD3D0C /* FlexLayout.framework */; settings = {ATTRIBUTES = (CodeSignOnCopy, RemoveHeadersOnCopy, ); }; };
		A20A70CD21E817B800BD3D0C /* DynamicJSON.framework in Embed Frameworks */ = {isa = PBXBuildFile; fileRef = A20A709E21E8177500BD3D0C /* DynamicJSON.framework */; settings = {ATTRIBUTES = (CodeSignOnCopy, RemoveHeadersOnCopy, ); }; };
		A20A70CF21E817B800BD3D0C /* Cache.framework in Embed Frameworks */ = {isa = PBXBuildFile; fileRef = A20A709C21E8176F00BD3D0C /* Cache.framework */; settings = {ATTRIBUTES = (CodeSignOnCopy, RemoveHeadersOnCopy, ); }; };
		A20A70D021E817B800BD3D0C /* Alamofire.framework in Frameworks */ = {isa = PBXBuildFile; fileRef = A20A709A21E8176C00BD3D0C /* Alamofire.framework */; };
		A20A70D121E817B800BD3D0C /* Alamofire.framework in Embed Frameworks */ = {isa = PBXBuildFile; fileRef = A20A709A21E8176C00BD3D0C /* Alamofire.framework */; settings = {ATTRIBUTES = (CodeSignOnCopy, RemoveHeadersOnCopy, ); }; };
		A240BA262159BD74004E8419 /* PlayerCell.swift in Sources */ = {isa = PBXBuildFile; fileRef = A240BA252159BD74004E8419 /* PlayerCell.swift */; };
		A242E87C21E2867D004A8026 /* CommentsViewCell.swift in Sources */ = {isa = PBXBuildFile; fileRef = A242E87B21E2867D004A8026 /* CommentsViewCell.swift */; };
		A242E87E21E294CB004A8026 /* TapThroughCollectionView.swift in Sources */ = {isa = PBXBuildFile; fileRef = A242E87D21E294CB004A8026 /* TapThroughCollectionView.swift */; };
		A247504221EA6F1A00C0F712 /* CommentsTableView.swift in Sources */ = {isa = PBXBuildFile; fileRef = A247504121EA6F1A00C0F712 /* CommentsTableView.swift */; };
		A247504421EA726D00C0F712 /* TapThroughTableView.swift in Sources */ = {isa = PBXBuildFile; fileRef = A247504321EA726D00C0F712 /* TapThroughTableView.swift */; };
		A247504621EACBE600C0F712 /* CommentsHeaderCell.swift in Sources */ = {isa = PBXBuildFile; fileRef = A247504521EACBE600C0F712 /* CommentsHeaderCell.swift */; };
		A247504821EAF0EE00C0F712 /* UIColor.swift in Sources */ = {isa = PBXBuildFile; fileRef = A247504721EAF0EE00C0F712 /* UIColor.swift */; };
		A24818BE21780E3B005B8819 /* InfoRowCell.swift in Sources */ = {isa = PBXBuildFile; fileRef = A24818BD21780E3B005B8819 /* InfoRowCell.swift */; };
		A24818C0217815C8005B8819 /* Util.swift in Sources */ = {isa = PBXBuildFile; fileRef = A24818BF217815C8005B8819 /* Util.swift */; };
		A24818C221781807005B8819 /* subjects.swift in Sources */ = {isa = PBXBuildFile; fileRef = A24818C121781807005B8819 /* subjects.swift */; };
		A25285732159C9FC00DCA537 /* MainCollectionViewController.swift in Sources */ = {isa = PBXBuildFile; fileRef = A25285722159C9FC00DCA537 /* MainCollectionViewController.swift */; };
		A25285752159CA2E00DCA537 /* RedditViewItemSectionController.swift in Sources */ = {isa = PBXBuildFile; fileRef = A25285742159CA2E00DCA537 /* RedditViewItemSectionController.swift */; };
		A25285772159E5BE00DCA537 /* global-player.swift in Sources */ = {isa = PBXBuildFile; fileRef = A25285762159E5BE00DCA537 /* global-player.swift */; };
		A252857E215C655600DCA537 /* TitleCollectionViewCell.swift in Sources */ = {isa = PBXBuildFile; fileRef = A252857D215C655600DCA537 /* TitleCollectionViewCell.swift */; };
		A2528581215C6E9C00DCA537 /* RedditPost.swift in Sources */ = {isa = PBXBuildFile; fileRef = A2528580215C6E9C00DCA537 /* RedditPost.swift */; };
		A2528584215C6F6B00DCA537 /* String.swift in Sources */ = {isa = PBXBuildFile; fileRef = A2528583215C6F6B00DCA537 /* String.swift */; };
		A25285AA21615AC800DCA537 /* CachingPlayerItem.swift in Sources */ = {isa = PBXBuildFile; fileRef = A25285A921615AC700DCA537 /* CachingPlayerItem.swift */; };
		A25285B02165955800DCA537 /* UIScrollView.swift in Sources */ = {isa = PBXBuildFile; fileRef = A25285AF2165955700DCA537 /* UIScrollView.swift */; };
		A25285B62165B7DB00DCA537 /* storage.service.swift in Sources */ = {isa = PBXBuildFile; fileRef = A25285B52165B7DB00DCA537 /* storage.service.swift */; };
		A25285B8216ACADD00DCA537 /* Config.swift in Sources */ = {isa = PBXBuildFile; fileRef = A25285B7216ACADD00DCA537 /* Config.swift */; };
		A2591251211BD28200B09D73 /* reddit.service.swift in Sources */ = {isa = PBXBuildFile; fileRef = A2591250211BD28200B09D73 /* reddit.service.swift */; };
		A269478421CEF93000A07F69 /* RedditAlertController.swift in Sources */ = {isa = PBXBuildFile; fileRef = A269478321CEF93000A07F69 /* RedditAlertController.swift */; };
		A26BD837218FE09100E948A4 /* Int.swift in Sources */ = {isa = PBXBuildFile; fileRef = A26BD836218FE09100E948A4 /* Int.swift */; };
		A26BD839218FE53500E948A4 /* SettingsViewController.swift in Sources */ = {isa = PBXBuildFile; fileRef = A26BD838218FE53500E948A4 /* SettingsViewController.swift */; };
		A283B61A21E2E9CC00AE47C6 /* RedditComment.swift in Sources */ = {isa = PBXBuildFile; fileRef = A283B61921E2E9CC00AE47C6 /* RedditComment.swift */; };
		A2889F2C217D6FF0001E7061 /* FavoritesCollectionViewController.swift in Sources */ = {isa = PBXBuildFile; fileRef = A2889F2B217D6FF0001E7061 /* FavoritesCollectionViewController.swift */; };
		A2889F2E217D70CF001E7061 /* YaikuCollectionViewController.swift in Sources */ = {isa = PBXBuildFile; fileRef = A2889F2D217D70CE001E7061 /* YaikuCollectionViewController.swift */; };
		A288A12C215344D000000733 /* MyPlayerView.swift in Sources */ = {isa = PBXBuildFile; fileRef = A288A12B215344D000000733 /* MyPlayerView.swift */; };
		A29CD0062119363900A5A6EC /* AppDelegate.swift in Sources */ = {isa = PBXBuildFile; fileRef = A29CD0052119363900A5A6EC /* AppDelegate.swift */; };
		A29CD00D2119363C00A5A6EC /* Assets.xcassets in Resources */ = {isa = PBXBuildFile; fileRef = A29CD00C2119363C00A5A6EC /* Assets.xcassets */; };
		A29CD0102119363C00A5A6EC /* LaunchScreen.storyboard in Resources */ = {isa = PBXBuildFile; fileRef = A29CD00E2119363C00A5A6EC /* LaunchScreen.storyboard */; };
		A2B7C2422198A616008DB7E6 /* MyTabBarController.swift in Sources */ = {isa = PBXBuildFile; fileRef = A2B7C2412198A616008DB7E6 /* MyTabBarController.swift */; };
		A2B7C2442198C211008DB7E6 /* RedditViewItem.swift in Sources */ = {isa = PBXBuildFile; fileRef = A2B7C2432198C211008DB7E6 /* RedditViewItem.swift */; };
		A2DCC61321EBB20500E08453 /* MoreCommentsViewCell.swift in Sources */ = {isa = PBXBuildFile; fileRef = A2DCC61221EBB20500E08453 /* MoreCommentsViewCell.swift */; };
/* End PBXBuildFile section */

/* Begin PBXCopyFilesBuildPhase section */
		A29CD01D21193AED00A5A6EC /* Embed Frameworks */ = {
			isa = PBXCopyFilesBuildPhase;
			buildActionMask = 2147483647;
			dstPath = "";
			dstSubfolderSpec = 10;
			files = (
				A20A70BF21E817B800BD3D0C /* RxSwift.framework in Embed Frameworks */,
				A20A70B921E817B800BD3D0C /* SwiftyJSON.framework in Embed Frameworks */,
				A20A70C121E817B800BD3D0C /* RealmSwift.framework in Embed Frameworks */,
				A20A70CF21E817B800BD3D0C /* Cache.framework in Embed Frameworks */,
				A20A70B721E817B800BD3D0C /* XCDYouTubeKit.framework in Embed Frameworks */,
				A20A70C721E817B800BD3D0C /* Kingfisher.framework in Embed Frameworks */,
				A20A70C521E817B800BD3D0C /* PinLayout.framework in Embed Frameworks */,
				A20A70C321E817B800BD3D0C /* Realm.framework in Embed Frameworks */,
				A20A70BB21E817B800BD3D0C /* SwiftIcons.framework in Embed Frameworks */,
				A20A70CD21E817B800BD3D0C /* DynamicJSON.framework in Embed Frameworks */,
				A20A70CB21E817B800BD3D0C /* FlexLayout.framework in Embed Frameworks */,
				A20A70D121E817B800BD3D0C /* Alamofire.framework in Embed Frameworks */,
				A20A70BD21E817B800BD3D0C /* SnapKit.framework in Embed Frameworks */,
				A20A70C921E817B800BD3D0C /* IGListKit.framework in Embed Frameworks */,
			);
			name = "Embed Frameworks";
			runOnlyForDeploymentPostprocessing = 0;
		};
/* End PBXCopyFilesBuildPhase section */

/* Begin PBXFileReference section */
		A20A709A21E8176C00BD3D0C /* Alamofire.framework */ = {isa = PBXFileReference; lastKnownFileType = wrapper.framework; name = Alamofire.framework; path = Carthage/Build/iOS/Alamofire.framework; sourceTree = "<group>"; };
		A20A709C21E8176F00BD3D0C /* Cache.framework */ = {isa = PBXFileReference; lastKnownFileType = wrapper.framework; name = Cache.framework; path = Carthage/Build/iOS/Cache.framework; sourceTree = "<group>"; };
		A20A709E21E8177500BD3D0C /* DynamicJSON.framework */ = {isa = PBXFileReference; lastKnownFileType = wrapper.framework; name = DynamicJSON.framework; path = Carthage/Build/iOS/DynamicJSON.framework; sourceTree = "<group>"; };
		A20A70A021E8177800BD3D0C /* FlexLayout.framework */ = {isa = PBXFileReference; lastKnownFileType = wrapper.framework; name = FlexLayout.framework; path = Carthage/Build/iOS/FlexLayout.framework; sourceTree = "<group>"; };
		A20A70A221E8178000BD3D0C /* IGListKit.framework */ = {isa = PBXFileReference; lastKnownFileType = wrapper.framework; name = IGListKit.framework; path = Carthage/Build/iOS/IGListKit.framework; sourceTree = "<group>"; };
		A20A70A421E8178300BD3D0C /* Kingfisher.framework */ = {isa = PBXFileReference; lastKnownFileType = wrapper.framework; name = Kingfisher.framework; path = Carthage/Build/iOS/Kingfisher.framework; sourceTree = "<group>"; };
		A20A70A621E8178800BD3D0C /* PinLayout.framework */ = {isa = PBXFileReference; lastKnownFileType = wrapper.framework; name = PinLayout.framework; path = Carthage/Build/iOS/PinLayout.framework; sourceTree = "<group>"; };
		A20A70A821E8178A00BD3D0C /* Realm.framework */ = {isa = PBXFileReference; lastKnownFileType = wrapper.framework; name = Realm.framework; path = Carthage/Build/iOS/Realm.framework; sourceTree = "<group>"; };
		A20A70AA21E8178D00BD3D0C /* RealmSwift.framework */ = {isa = PBXFileReference; lastKnownFileType = wrapper.framework; name = RealmSwift.framework; path = Carthage/Build/iOS/RealmSwift.framework; sourceTree = "<group>"; };
		A20A70AC21E8179E00BD3D0C /* RxSwift.framework */ = {isa = PBXFileReference; lastKnownFileType = wrapper.framework; name = RxSwift.framework; path = Carthage/Build/iOS/RxSwift.framework; sourceTree = "<group>"; };
		A20A70AE21E817A100BD3D0C /* SnapKit.framework */ = {isa = PBXFileReference; lastKnownFileType = wrapper.framework; name = SnapKit.framework; path = Carthage/Build/iOS/SnapKit.framework; sourceTree = "<group>"; };
		A20A70B021E817A300BD3D0C /* SwiftIcons.framework */ = {isa = PBXFileReference; lastKnownFileType = wrapper.framework; name = SwiftIcons.framework; path = Carthage/Build/iOS/SwiftIcons.framework; sourceTree = "<group>"; };
		A20A70B221E817A900BD3D0C /* SwiftyJSON.framework */ = {isa = PBXFileReference; lastKnownFileType = wrapper.framework; name = SwiftyJSON.framework; path = Carthage/Build/iOS/SwiftyJSON.framework; sourceTree = "<group>"; };
		A20A70B421E817AC00BD3D0C /* XCDYouTubeKit.framework */ = {isa = PBXFileReference; lastKnownFileType = wrapper.framework; name = XCDYouTubeKit.framework; path = Carthage/Build/iOS/XCDYouTubeKit.framework; sourceTree = "<group>"; };
		A240BA252159BD74004E8419 /* PlayerCell.swift */ = {isa = PBXFileReference; lastKnownFileType = sourcecode.swift; path = PlayerCell.swift; sourceTree = "<group>"; };
		A242E87B21E2867D004A8026 /* CommentsViewCell.swift */ = {isa = PBXFileReference; lastKnownFileType = sourcecode.swift; path = CommentsViewCell.swift; sourceTree = "<group>"; };
		A242E87D21E294CB004A8026 /* TapThroughCollectionView.swift */ = {isa = PBXFileReference; lastKnownFileType = sourcecode.swift; path = TapThroughCollectionView.swift; sourceTree = "<group>"; };
		A247504121EA6F1A00C0F712 /* CommentsTableView.swift */ = {isa = PBXFileReference; lastKnownFileType = sourcecode.swift; path = CommentsTableView.swift; sourceTree = "<group>"; };
		A247504321EA726D00C0F712 /* TapThroughTableView.swift */ = {isa = PBXFileReference; lastKnownFileType = sourcecode.swift; path = TapThroughTableView.swift; sourceTree = "<group>"; };
		A247504521EACBE600C0F712 /* CommentsHeaderCell.swift */ = {isa = PBXFileReference; lastKnownFileType = sourcecode.swift; path = CommentsHeaderCell.swift; sourceTree = "<group>"; };
		A247504721EAF0EE00C0F712 /* UIColor.swift */ = {isa = PBXFileReference; lastKnownFileType = sourcecode.swift; path = UIColor.swift; sourceTree = "<group>"; };
		A24818BD21780E3B005B8819 /* InfoRowCell.swift */ = {isa = PBXFileReference; lastKnownFileType = sourcecode.swift; path = InfoRowCell.swift; sourceTree = "<group>"; };
		A24818BF217815C8005B8819 /* Util.swift */ = {isa = PBXFileReference; lastKnownFileType = sourcecode.swift; path = Util.swift; sourceTree = "<group>"; };
		A24818C121781807005B8819 /* subjects.swift */ = {isa = PBXFileReference; lastKnownFileType = sourcecode.swift; path = subjects.swift; sourceTree = "<group>"; };
		A25285722159C9FC00DCA537 /* MainCollectionViewController.swift */ = {isa = PBXFileReference; lastKnownFileType = sourcecode.swift; path = MainCollectionViewController.swift; sourceTree = "<group>"; };
		A25285742159CA2E00DCA537 /* RedditViewItemSectionController.swift */ = {isa = PBXFileReference; lastKnownFileType = sourcecode.swift; path = RedditViewItemSectionController.swift; sourceTree = "<group>"; };
		A25285762159E5BE00DCA537 /* global-player.swift */ = {isa = PBXFileReference; lastKnownFileType = sourcecode.swift; path = "global-player.swift"; sourceTree = "<group>"; };
		A252857D215C655600DCA537 /* TitleCollectionViewCell.swift */ = {isa = PBXFileReference; lastKnownFileType = sourcecode.swift; path = TitleCollectionViewCell.swift; sourceTree = "<group>"; };
		A2528580215C6E9C00DCA537 /* RedditPost.swift */ = {isa = PBXFileReference; lastKnownFileType = sourcecode.swift; path = RedditPost.swift; sourceTree = "<group>"; };
		A2528583215C6F6B00DCA537 /* String.swift */ = {isa = PBXFileReference; lastKnownFileType = sourcecode.swift; path = String.swift; sourceTree = "<group>"; };
		A25285A921615AC700DCA537 /* CachingPlayerItem.swift */ = {isa = PBXFileReference; fileEncoding = 4; lastKnownFileType = sourcecode.swift; path = CachingPlayerItem.swift; sourceTree = "<group>"; };
		A25285AF2165955700DCA537 /* UIScrollView.swift */ = {isa = PBXFileReference; lastKnownFileType = sourcecode.swift; path = UIScrollView.swift; sourceTree = "<group>"; };
		A25285B52165B7DB00DCA537 /* storage.service.swift */ = {isa = PBXFileReference; lastKnownFileType = sourcecode.swift; path = storage.service.swift; sourceTree = "<group>"; };
		A25285B7216ACADD00DCA537 /* Config.swift */ = {isa = PBXFileReference; lastKnownFileType = sourcecode.swift; path = Config.swift; sourceTree = "<group>"; };
		A2591250211BD28200B09D73 /* reddit.service.swift */ = {isa = PBXFileReference; lastKnownFileType = sourcecode.swift; path = reddit.service.swift; sourceTree = "<group>"; };
		A269478321CEF93000A07F69 /* RedditAlertController.swift */ = {isa = PBXFileReference; lastKnownFileType = sourcecode.swift; path = RedditAlertController.swift; sourceTree = "<group>"; };
		A26BD836218FE09100E948A4 /* Int.swift */ = {isa = PBXFileReference; lastKnownFileType = sourcecode.swift; path = Int.swift; sourceTree = "<group>"; };
		A26BD838218FE53500E948A4 /* SettingsViewController.swift */ = {isa = PBXFileReference; lastKnownFileType = sourcecode.swift; path = SettingsViewController.swift; sourceTree = "<group>"; };
		A283B61921E2E9CC00AE47C6 /* RedditComment.swift */ = {isa = PBXFileReference; lastKnownFileType = sourcecode.swift; path = RedditComment.swift; sourceTree = "<group>"; };
		A2889F2B217D6FF0001E7061 /* FavoritesCollectionViewController.swift */ = {isa = PBXFileReference; lastKnownFileType = sourcecode.swift; path = FavoritesCollectionViewController.swift; sourceTree = "<group>"; };
		A2889F2D217D70CE001E7061 /* YaikuCollectionViewController.swift */ = {isa = PBXFileReference; lastKnownFileType = sourcecode.swift; path = YaikuCollectionViewController.swift; sourceTree = "<group>"; };
		A288A12B215344D000000733 /* MyPlayerView.swift */ = {isa = PBXFileReference; lastKnownFileType = sourcecode.swift; path = MyPlayerView.swift; sourceTree = "<group>"; };
		A29CD0022119363900A5A6EC /* haiku.app */ = {isa = PBXFileReference; explicitFileType = wrapper.application; includeInIndex = 0; path = haiku.app; sourceTree = BUILT_PRODUCTS_DIR; };
		A29CD0052119363900A5A6EC /* AppDelegate.swift */ = {isa = PBXFileReference; lastKnownFileType = sourcecode.swift; path = AppDelegate.swift; sourceTree = "<group>"; };
		A29CD00C2119363C00A5A6EC /* Assets.xcassets */ = {isa = PBXFileReference; lastKnownFileType = folder.assetcatalog; path = Assets.xcassets; sourceTree = "<group>"; };
		A29CD00F2119363C00A5A6EC /* Base */ = {isa = PBXFileReference; lastKnownFileType = file.storyboard; name = Base; path = Base.lproj/LaunchScreen.storyboard; sourceTree = "<group>"; };
		A29CD0112119363C00A5A6EC /* Info.plist */ = {isa = PBXFileReference; lastKnownFileType = text.plist.xml; path = Info.plist; sourceTree = "<group>"; };
		A2B7C2412198A616008DB7E6 /* MyTabBarController.swift */ = {isa = PBXFileReference; lastKnownFileType = sourcecode.swift; path = MyTabBarController.swift; sourceTree = "<group>"; };
		A2B7C2432198C211008DB7E6 /* RedditViewItem.swift */ = {isa = PBXFileReference; lastKnownFileType = sourcecode.swift; path = RedditViewItem.swift; sourceTree = "<group>"; };
		A2DCC61221EBB20500E08453 /* MoreCommentsViewCell.swift */ = {isa = PBXFileReference; lastKnownFileType = sourcecode.swift; path = MoreCommentsViewCell.swift; sourceTree = "<group>"; };
/* End PBXFileReference section */

/* Begin PBXFrameworksBuildPhase section */
		A29CCFFF2119363900A5A6EC /* Frameworks */ = {
			isa = PBXFrameworksBuildPhase;
			buildActionMask = 2147483647;
			files = (
				A20A70D021E817B800BD3D0C /* Alamofire.framework in Frameworks */,
				A20A709D21E8176F00BD3D0C /* Cache.framework in Frameworks */,
				A20A709F21E8177500BD3D0C /* DynamicJSON.framework in Frameworks */,
				A20A70A121E8177800BD3D0C /* FlexLayout.framework in Frameworks */,
				A20A70C421E817B800BD3D0C /* PinLayout.framework in Frameworks */,
				A20A70A321E8178000BD3D0C /* IGListKit.framework in Frameworks */,
				A20A70A521E8178300BD3D0C /* Kingfisher.framework in Frameworks */,
				A20A70A721E8178800BD3D0C /* PinLayout.framework in Frameworks */,
				A20A70C021E817B800BD3D0C /* RealmSwift.framework in Frameworks */,
				A20A70BE21E817B800BD3D0C /* RxSwift.framework in Frameworks */,
				A20A70AF21E817A100BD3D0C /* SnapKit.framework in Frameworks */,
				A20A70BA21E817B800BD3D0C /* SwiftIcons.framework in Frameworks */,
				A20A70B821E817B800BD3D0C /* SwiftyJSON.framework in Frameworks */,
				A20A70B621E817B800BD3D0C /* XCDYouTubeKit.framework in Frameworks */,
			);
			runOnlyForDeploymentPostprocessing = 0;
		};
/* End PBXFrameworksBuildPhase section */

/* Begin PBXGroup section */
		A20A709921E8176C00BD3D0C /* Frameworks */ = {
			isa = PBXGroup;
			children = (
				A20A70B421E817AC00BD3D0C /* XCDYouTubeKit.framework */,
				A20A70B221E817A900BD3D0C /* SwiftyJSON.framework */,
				A20A70B021E817A300BD3D0C /* SwiftIcons.framework */,
				A20A70AE21E817A100BD3D0C /* SnapKit.framework */,
				A20A70AC21E8179E00BD3D0C /* RxSwift.framework */,
				A20A70AA21E8178D00BD3D0C /* RealmSwift.framework */,
				A20A70A821E8178A00BD3D0C /* Realm.framework */,
				A20A70A621E8178800BD3D0C /* PinLayout.framework */,
				A20A70A421E8178300BD3D0C /* Kingfisher.framework */,
				A20A70A221E8178000BD3D0C /* IGListKit.framework */,
				A20A70A021E8177800BD3D0C /* FlexLayout.framework */,
				A20A709E21E8177500BD3D0C /* DynamicJSON.framework */,
				A20A709C21E8176F00BD3D0C /* Cache.framework */,
				A20A709A21E8176C00BD3D0C /* Alamofire.framework */,
			);
			name = Frameworks;
			sourceTree = "<group>";
		};
		A24818C321781811005B8819 /* global */ = {
			isa = PBXGroup;
			children = (
				A25285762159E5BE00DCA537 /* global-player.swift */,
				A24818C121781807005B8819 /* subjects.swift */,
			);
			path = global;
			sourceTree = "<group>";
		};
		A252857C215C652E00DCA537 /* view-cells */ = {
			isa = PBXGroup;
			children = (
				A24818BD21780E3B005B8819 /* InfoRowCell.swift */,
				A240BA252159BD74004E8419 /* PlayerCell.swift */,
				A252857D215C655600DCA537 /* TitleCollectionViewCell.swift */,
			);
			path = "view-cells";
			sourceTree = "<group>";
		};
		A252857F215C6E8C00DCA537 /* model */ = {
			isa = PBXGroup;
			children = (
				A2528580215C6E9C00DCA537 /* RedditPost.swift */,
				A2B7C2432198C211008DB7E6 /* RedditViewItem.swift */,
				A283B61921E2E9CC00AE47C6 /* RedditComment.swift */,
			);
			path = model;
			sourceTree = "<group>";
		};
		A2528582215C6F5B00DCA537 /* extensions */ = {
			isa = PBXGroup;
			children = (
				A26BD836218FE09100E948A4 /* Int.swift */,
				A2528583215C6F6B00DCA537 /* String.swift */,
				A25285AF2165955700DCA537 /* UIScrollView.swift */,
				A247504721EAF0EE00C0F712 /* UIColor.swift */,
			);
			path = extensions;
			sourceTree = "<group>";
		};
		A259124F211BD26700B09D73 /* services */ = {
			isa = PBXGroup;
			children = (
				A2591250211BD28200B09D73 /* reddit.service.swift */,
				A25285B52165B7DB00DCA537 /* storage.service.swift */,
			);
			path = services;
			sourceTree = "<group>";
		};
		A27E877921E10375002501F1 /* comments */ = {
			isa = PBXGroup;
			children = (
				A247504121EA6F1A00C0F712 /* CommentsTableView.swift */,
				A242E87B21E2867D004A8026 /* CommentsViewCell.swift */,
				A247504521EACBE600C0F712 /* CommentsHeaderCell.swift */,
				A2DCC61221EBB20500E08453 /* MoreCommentsViewCell.swift */,
			);
			path = comments;
			sourceTree = "<group>";
		};
		A27E877A21E10394002501F1 /* main */ = {
			isa = PBXGroup;
			children = (
				A2889F2B217D6FF0001E7061 /* FavoritesCollectionViewController.swift */,
				A25285722159C9FC00DCA537 /* MainCollectionViewController.swift */,
				A269478321CEF93000A07F69 /* RedditAlertController.swift */,
				A25285742159CA2E00DCA537 /* RedditViewItemSectionController.swift */,
				A2889F2D217D70CE001E7061 /* YaikuCollectionViewController.swift */,
			);
			path = main;
			sourceTree = "<group>";
		};
		A27E877B21E10474002501F1 /* settings */ = {
			isa = PBXGroup;
			children = (
				A26BD838218FE53500E948A4 /* SettingsViewController.swift */,
			);
			path = settings;
			sourceTree = "<group>";
		};
		A29CCFF92119363900A5A6EC = {
			isa = PBXGroup;
			children = (
				A29CD0042119363900A5A6EC /* haiku */,
				A29CD0032119363900A5A6EC /* Products */,
				A20A709921E8176C00BD3D0C /* Frameworks */,
			);
			sourceTree = "<group>";
		};
		A29CD0032119363900A5A6EC /* Products */ = {
			isa = PBXGroup;
			children = (
				A29CD0022119363900A5A6EC /* haiku.app */,
			);
			name = Products;
			sourceTree = "<group>";
		};
		A29CD0042119363900A5A6EC /* haiku */ = {
			isa = PBXGroup;
			children = (
				A2528582215C6F5B00DCA537 /* extensions */,
				A24818C321781811005B8819 /* global */,
				A2D0EF6E21CEB225002F1134 /* libs */,
				A252857F215C6E8C00DCA537 /* model */,
				A259124F211BD26700B09D73 /* services */,
				A2D0EF6C21CEB1F4002F1134 /* view-controllers */,
				A2D0EF6D21CEB203002F1134 /* views */,
				A29CD0052119363900A5A6EC /* AppDelegate.swift */,
				A29CD00C2119363C00A5A6EC /* Assets.xcassets */,
				A25285B7216ACADD00DCA537 /* Config.swift */,
				A29CD0112119363C00A5A6EC /* Info.plist */,
				A29CD00E2119363C00A5A6EC /* LaunchScreen.storyboard */,
				A24818BF217815C8005B8819 /* Util.swift */,
			);
			path = haiku;
			sourceTree = "<group>";
		};
		A2D0EF6C21CEB1F4002F1134 /* view-controllers */ = {
			isa = PBXGroup;
			children = (
				A27E877A21E10394002501F1 /* main */,
				A27E877B21E10474002501F1 /* settings */,
				A2B7C2412198A616008DB7E6 /* MyTabBarController.swift */,
			);
			path = "view-controllers";
			sourceTree = "<group>";
		};
		A2D0EF6D21CEB203002F1134 /* views */ = {
			isa = PBXGroup;
			children = (
				A27E877921E10375002501F1 /* comments */,
				A252857C215C652E00DCA537 /* view-cells */,
				A288A12B215344D000000733 /* MyPlayerView.swift */,
				A242E87D21E294CB004A8026 /* TapThroughCollectionView.swift */,
				A247504321EA726D00C0F712 /* TapThroughTableView.swift */,
			);
			path = views;
			sourceTree = "<group>";
		};
		A2D0EF6E21CEB225002F1134 /* libs */ = {
			isa = PBXGroup;
			children = (
				A25285A921615AC700DCA537 /* CachingPlayerItem.swift */,
			);
			path = libs;
			sourceTree = "<group>";
		};
/* End PBXGroup section */

/* Begin PBXNativeTarget section */
		A29CD0012119363900A5A6EC /* haiku */ = {
			isa = PBXNativeTarget;
			buildConfigurationList = A29CD0142119363C00A5A6EC /* Build configuration list for PBXNativeTarget "haiku" */;
			buildPhases = (
				A29CCFFE2119363900A5A6EC /* Sources */,
				A29CCFFF2119363900A5A6EC /* Frameworks */,
				A29CD0002119363900A5A6EC /* Resources */,
				A29CD01D21193AED00A5A6EC /* Embed Frameworks */,
			);
			buildRules = (
			);
			dependencies = (
			);
			name = haiku;
			productName = haiku;
			productReference = A29CD0022119363900A5A6EC /* haiku.app */;
			productType = "com.apple.product-type.application";
		};
/* End PBXNativeTarget section */

/* Begin PBXProject section */
		A29CCFFA2119363900A5A6EC /* Project object */ = {
			isa = PBXProject;
			attributes = {
				LastSwiftUpdateCheck = 0940;
				LastUpgradeCheck = 0940;
				ORGANIZATIONNAME = "Mitchell Gerber";
				TargetAttributes = {
					A29CD0012119363900A5A6EC = {
						CreatedOnToolsVersion = 9.4.1;
						LastSwiftMigration = 1000;
					};
				};
			};
			buildConfigurationList = A29CCFFD2119363900A5A6EC /* Build configuration list for PBXProject "haiku" */;
			compatibilityVersion = "Xcode 9.3";
			developmentRegion = en;
			hasScannedForEncodings = 0;
			knownRegions = (
				en,
				Base,
			);
			mainGroup = A29CCFF92119363900A5A6EC;
			productRefGroup = A29CD0032119363900A5A6EC /* Products */;
			projectDirPath = "";
			projectRoot = "";
			targets = (
				A29CD0012119363900A5A6EC /* haiku */,
			);
		};
/* End PBXProject section */

/* Begin PBXResourcesBuildPhase section */
		A29CD0002119363900A5A6EC /* Resources */ = {
			isa = PBXResourcesBuildPhase;
			buildActionMask = 2147483647;
			files = (
				A29CD00D2119363C00A5A6EC /* Assets.xcassets in Resources */,
				A29CD0102119363C00A5A6EC /* LaunchScreen.storyboard in Resources */,
			);
			runOnlyForDeploymentPostprocessing = 0;
		};
/* End PBXResourcesBuildPhase section */

/* Begin PBXSourcesBuildPhase section */
		A29CCFFE2119363900A5A6EC /* Sources */ = {
			isa = PBXSourcesBuildPhase;
			buildActionMask = 2147483647;
			files = (
				A29CD0062119363900A5A6EC /* AppDelegate.swift in Sources */,
				A25285AA21615AC800DCA537 /* CachingPlayerItem.swift in Sources */,
				A25285B8216ACADD00DCA537 /* Config.swift in Sources */,
				A2889F2C217D6FF0001E7061 /* FavoritesCollectionViewController.swift in Sources */,
				A247504621EACBE600C0F712 /* CommentsHeaderCell.swift in Sources */,
				A247504421EA726D00C0F712 /* TapThroughTableView.swift in Sources */,
				A25285772159E5BE00DCA537 /* global-player.swift in Sources */,
				A24818BE21780E3B005B8819 /* InfoRowCell.swift in Sources */,
				A26BD837218FE09100E948A4 /* Int.swift in Sources */,
				A2DCC61321EBB20500E08453 /* MoreCommentsViewCell.swift in Sources */,
				A25285732159C9FC00DCA537 /* MainCollectionViewController.swift in Sources */,
				A288A12C215344D000000733 /* MyPlayerView.swift in Sources */,
				A2B7C2422198A616008DB7E6 /* MyTabBarController.swift in Sources */,
				A242E87E21E294CB004A8026 /* TapThroughCollectionView.swift in Sources */,
				A240BA262159BD74004E8419 /* PlayerCell.swift in Sources */,
				A2591251211BD28200B09D73 /* reddit.service.swift in Sources */,
				A2528581215C6E9C00DCA537 /* RedditPost.swift in Sources */,
				A269478421CEF93000A07F69 /* RedditAlertController.swift in Sources */,
				A2B7C2442198C211008DB7E6 /* RedditViewItem.swift in Sources */,
				A25285752159CA2E00DCA537 /* RedditViewItemSectionController.swift in Sources */,
				A26BD839218FE53500E948A4 /* SettingsViewController.swift in Sources */,
				A25285B62165B7DB00DCA537 /* storage.service.swift in Sources */,
				A247504821EAF0EE00C0F712 /* UIColor.swift in Sources */,
				A2528584215C6F6B00DCA537 /* String.swift in Sources */,
				A24818C221781807005B8819 /* subjects.swift in Sources */,
				A247504221EA6F1A00C0F712 /* CommentsTableView.swift in Sources */,
				A283B61A21E2E9CC00AE47C6 /* RedditComment.swift in Sources */,
				A252857E215C655600DCA537 /* TitleCollectionViewCell.swift in Sources */,
				A25285B02165955800DCA537 /* UIScrollView.swift in Sources */,
				A242E87C21E2867D004A8026 /* CommentsViewCell.swift in Sources */,
				A24818C0217815C8005B8819 /* Util.swift in Sources */,
				A2889F2E217D70CF001E7061 /* YaikuCollectionViewController.swift in Sources */,
			);
			runOnlyForDeploymentPostprocessing = 0;
		};
/* End PBXSourcesBuildPhase section */

/* Begin PBXVariantGroup section */
		A29CD00E2119363C00A5A6EC /* LaunchScreen.storyboard */ = {
			isa = PBXVariantGroup;
			children = (
				A29CD00F2119363C00A5A6EC /* Base */,
			);
			name = LaunchScreen.storyboard;
			sourceTree = "<group>";
		};
/* End PBXVariantGroup section */

/* Begin XCBuildConfiguration section */
		A29CD0122119363C00A5A6EC /* Debug */ = {
			isa = XCBuildConfiguration;
			buildSettings = {
				ALWAYS_SEARCH_USER_PATHS = NO;
				CLANG_ANALYZER_NONNULL = YES;
				CLANG_ANALYZER_NUMBER_OBJECT_CONVERSION = YES_AGGRESSIVE;
				CLANG_CXX_LANGUAGE_STANDARD = "gnu++14";
				CLANG_CXX_LIBRARY = "libc++";
				CLANG_ENABLE_MODULES = YES;
				CLANG_ENABLE_OBJC_ARC = YES;
				CLANG_ENABLE_OBJC_WEAK = YES;
				CLANG_WARN_BLOCK_CAPTURE_AUTORELEASING = YES;
				CLANG_WARN_BOOL_CONVERSION = YES;
				CLANG_WARN_COMMA = YES;
				CLANG_WARN_CONSTANT_CONVERSION = YES;
				CLANG_WARN_DEPRECATED_OBJC_IMPLEMENTATIONS = YES;
				CLANG_WARN_DIRECT_OBJC_ISA_USAGE = YES_ERROR;
				CLANG_WARN_DOCUMENTATION_COMMENTS = YES;
				CLANG_WARN_EMPTY_BODY = YES;
				CLANG_WARN_ENUM_CONVERSION = YES;
				CLANG_WARN_INFINITE_RECURSION = YES;
				CLANG_WARN_INT_CONVERSION = YES;
				CLANG_WARN_NON_LITERAL_NULL_CONVERSION = YES;
				CLANG_WARN_OBJC_IMPLICIT_RETAIN_SELF = YES;
				CLANG_WARN_OBJC_LITERAL_CONVERSION = YES;
				CLANG_WARN_OBJC_ROOT_CLASS = YES_ERROR;
				CLANG_WARN_RANGE_LOOP_ANALYSIS = YES;
				CLANG_WARN_STRICT_PROTOTYPES = YES;
				CLANG_WARN_SUSPICIOUS_MOVE = YES;
				CLANG_WARN_UNGUARDED_AVAILABILITY = YES_AGGRESSIVE;
				CLANG_WARN_UNREACHABLE_CODE = YES;
				CLANG_WARN__DUPLICATE_METHOD_MATCH = YES;
				CODE_SIGN_IDENTITY = "iPhone Developer";
				COPY_PHASE_STRIP = NO;
				DEBUG_INFORMATION_FORMAT = dwarf;
				ENABLE_STRICT_OBJC_MSGSEND = YES;
				ENABLE_TESTABILITY = YES;
				GCC_C_LANGUAGE_STANDARD = gnu11;
				GCC_DYNAMIC_NO_PIC = NO;
				GCC_NO_COMMON_BLOCKS = YES;
				GCC_OPTIMIZATION_LEVEL = 0;
				GCC_PREPROCESSOR_DEFINITIONS = (
					"DEBUG=1",
					"$(inherited)",
				);
				GCC_WARN_64_TO_32_BIT_CONVERSION = YES;
				GCC_WARN_ABOUT_RETURN_TYPE = YES_ERROR;
				GCC_WARN_UNDECLARED_SELECTOR = YES;
				GCC_WARN_UNINITIALIZED_AUTOS = YES_AGGRESSIVE;
				GCC_WARN_UNUSED_FUNCTION = YES;
				GCC_WARN_UNUSED_VARIABLE = YES;
				IPHONEOS_DEPLOYMENT_TARGET = 11.4;
				MTL_ENABLE_DEBUG_INFO = YES;
				ONLY_ACTIVE_ARCH = YES;
				SDKROOT = iphoneos;
				SWIFT_ACTIVE_COMPILATION_CONDITIONS = DEBUG;
				SWIFT_OPTIMIZATION_LEVEL = "-Onone";
			};
			name = Debug;
		};
		A29CD0132119363C00A5A6EC /* Release */ = {
			isa = XCBuildConfiguration;
			buildSettings = {
				ALWAYS_SEARCH_USER_PATHS = NO;
				CLANG_ANALYZER_NONNULL = YES;
				CLANG_ANALYZER_NUMBER_OBJECT_CONVERSION = YES_AGGRESSIVE;
				CLANG_CXX_LANGUAGE_STANDARD = "gnu++14";
				CLANG_CXX_LIBRARY = "libc++";
				CLANG_ENABLE_MODULES = YES;
				CLANG_ENABLE_OBJC_ARC = YES;
				CLANG_ENABLE_OBJC_WEAK = YES;
				CLANG_WARN_BLOCK_CAPTURE_AUTORELEASING = YES;
				CLANG_WARN_BOOL_CONVERSION = YES;
				CLANG_WARN_COMMA = YES;
				CLANG_WARN_CONSTANT_CONVERSION = YES;
				CLANG_WARN_DEPRECATED_OBJC_IMPLEMENTATIONS = YES;
				CLANG_WARN_DIRECT_OBJC_ISA_USAGE = YES_ERROR;
				CLANG_WARN_DOCUMENTATION_COMMENTS = YES;
				CLANG_WARN_EMPTY_BODY = YES;
				CLANG_WARN_ENUM_CONVERSION = YES;
				CLANG_WARN_INFINITE_RECURSION = YES;
				CLANG_WARN_INT_CONVERSION = YES;
				CLANG_WARN_NON_LITERAL_NULL_CONVERSION = YES;
				CLANG_WARN_OBJC_IMPLICIT_RETAIN_SELF = YES;
				CLANG_WARN_OBJC_LITERAL_CONVERSION = YES;
				CLANG_WARN_OBJC_ROOT_CLASS = YES_ERROR;
				CLANG_WARN_RANGE_LOOP_ANALYSIS = YES;
				CLANG_WARN_STRICT_PROTOTYPES = YES;
				CLANG_WARN_SUSPICIOUS_MOVE = YES;
				CLANG_WARN_UNGUARDED_AVAILABILITY = YES_AGGRESSIVE;
				CLANG_WARN_UNREACHABLE_CODE = YES;
				CLANG_WARN__DUPLICATE_METHOD_MATCH = YES;
				CODE_SIGN_IDENTITY = "iPhone Developer";
				COPY_PHASE_STRIP = NO;
				DEBUG_INFORMATION_FORMAT = "dwarf-with-dsym";
				ENABLE_NS_ASSERTIONS = NO;
				ENABLE_STRICT_OBJC_MSGSEND = YES;
				GCC_C_LANGUAGE_STANDARD = gnu11;
				GCC_NO_COMMON_BLOCKS = YES;
				GCC_WARN_64_TO_32_BIT_CONVERSION = YES;
				GCC_WARN_ABOUT_RETURN_TYPE = YES_ERROR;
				GCC_WARN_UNDECLARED_SELECTOR = YES;
				GCC_WARN_UNINITIALIZED_AUTOS = YES_AGGRESSIVE;
				GCC_WARN_UNUSED_FUNCTION = YES;
				GCC_WARN_UNUSED_VARIABLE = YES;
				IPHONEOS_DEPLOYMENT_TARGET = 11.4;
				MTL_ENABLE_DEBUG_INFO = NO;
				SDKROOT = iphoneos;
				SWIFT_COMPILATION_MODE = wholemodule;
				SWIFT_OPTIMIZATION_LEVEL = "-O";
				VALIDATE_PRODUCT = YES;
			};
			name = Release;
		};
		A29CD0152119363C00A5A6EC /* Debug */ = {
			isa = XCBuildConfiguration;
			buildSettings = {
				ASSETCATALOG_COMPILER_APPICON_NAME = AppIcon;
				CLANG_ENABLE_MODULES = YES;
				CODE_SIGN_STYLE = Automatic;
				DEVELOPMENT_TEAM = A2MTP4D45D;
				FRAMEWORK_SEARCH_PATHS = (
					"$(inherited)",
					"$(PROJECT_DIR)/Carthage/Build/iOS",
				);
				INFOPLIST_FILE = haiku/Info.plist;
				IPHONEOS_DEPLOYMENT_TARGET = 12.1;
				LD_RUNPATH_SEARCH_PATHS = (
					"$(inherited)",
					"@executable_path/Frameworks",
				);
				PRODUCT_BUNDLE_IDENTIFIER = com.mgerb.yaiku;
				PRODUCT_NAME = "$(TARGET_NAME)";
				SWIFT_OPTIMIZATION_LEVEL = "-Onone";
				SWIFT_VERSION = 4.0;
				TARGETED_DEVICE_FAMILY = "1,2";
			};
			name = Debug;
		};
		A29CD0162119363C00A5A6EC /* Release */ = {
			isa = XCBuildConfiguration;
			buildSettings = {
				ASSETCATALOG_COMPILER_APPICON_NAME = AppIcon;
				CLANG_ENABLE_MODULES = YES;
				CODE_SIGN_STYLE = Automatic;
				DEVELOPMENT_TEAM = A2MTP4D45D;
				FRAMEWORK_SEARCH_PATHS = (
					"$(inherited)",
					"$(PROJECT_DIR)/Carthage/Build/iOS",
				);
				INFOPLIST_FILE = haiku/Info.plist;
				IPHONEOS_DEPLOYMENT_TARGET = 12.1;
				LD_RUNPATH_SEARCH_PATHS = (
					"$(inherited)",
					"@executable_path/Frameworks",
				);
				PRODUCT_BUNDLE_IDENTIFIER = com.mgerb.yaiku;
				PRODUCT_NAME = "$(TARGET_NAME)";
				SWIFT_VERSION = 4.0;
				TARGETED_DEVICE_FAMILY = "1,2";
			};
			name = Release;
		};
/* End XCBuildConfiguration section */

/* Begin XCConfigurationList section */
		A29CCFFD2119363900A5A6EC /* Build configuration list for PBXProject "haiku" */ = {
			isa = XCConfigurationList;
			buildConfigurations = (
				A29CD0122119363C00A5A6EC /* Debug */,
				A29CD0132119363C00A5A6EC /* Release */,
			);
			defaultConfigurationIsVisible = 0;
			defaultConfigurationName = Release;
		};
		A29CD0142119363C00A5A6EC /* Build configuration list for PBXNativeTarget "haiku" */ = {
			isa = XCConfigurationList;
			buildConfigurations = (
				A29CD0152119363C00A5A6EC /* Debug */,
				A29CD0162119363C00A5A6EC /* Release */,
			);
			defaultConfigurationIsVisible = 0;
			defaultConfigurationName = Release;
		};
/* End XCConfigurationList section */
	};
	rootObject = A29CCFFA2119363900A5A6EC /* Project object */;
}
